// !$*UTF8*$!
{
	archiveVersion = 1;
	classes = {
	};
	objectVersion = 50;
	objects = {

/* Begin PBXBuildFile section */
		28288D8F22025EE60059C8A7 /* AppDelegate.swift in Sources */ = {isa = PBXBuildFile; fileRef = 28288D8E22025EE60059C8A7 /* AppDelegate.swift */; };
		28288D9422025EE60059C8A7 /* Main.storyboard in Resources */ = {isa = PBXBuildFile; fileRef = 28288D9222025EE60059C8A7 /* Main.storyboard */; };
		28288D9622025EE70059C8A7 /* Assets.xcassets in Resources */ = {isa = PBXBuildFile; fileRef = 28288D9522025EE70059C8A7 /* Assets.xcassets */; };
		28288D9922025EE70059C8A7 /* LaunchScreen.storyboard in Resources */ = {isa = PBXBuildFile; fileRef = 28288D9722025EE70059C8A7 /* LaunchScreen.storyboard */; };
		28288DA422025EE70059C8A7 /* ScrollrTests.swift in Sources */ = {isa = PBXBuildFile; fileRef = 28288DA322025EE70059C8A7 /* ScrollrTests.swift */; };
		28288DAF22025EE70059C8A7 /* ScrollrUITests.swift in Sources */ = {isa = PBXBuildFile; fileRef = 28288DAE22025EE70059C8A7 /* ScrollrUITests.swift */; };
		28288DBD22025F320059C8A7 /* PageViewController.swift in Sources */ = {isa = PBXBuildFile; fileRef = 28288DBC22025F320059C8A7 /* PageViewController.swift */; };
		28288DC5220260EF0059C8A7 /* ViewController.swift in Sources */ = {isa = PBXBuildFile; fileRef = 28288DC4220260EF0059C8A7 /* ViewController.swift */; };
		28288DCB22028E070059C8A7 /* AccessPhotoViewController.swift in Sources */ = {isa = PBXBuildFile; fileRef = 28288DCA22028E070059C8A7 /* AccessPhotoViewController.swift */; };
		520470232203A008000A1EA6 /* GoogleService-Info.plist in Resources */ = {isa = PBXBuildFile; fileRef = 520470222203A008000A1EA6 /* GoogleService-Info.plist */; };
		5208F06A22065D3400BD2712 /* AccessPhotoViewController+YPImagePicker.swift in Sources */ = {isa = PBXBuildFile; fileRef = 5208F06922065D3400BD2712 /* AccessPhotoViewController+YPImagePicker.swift */; };
		52615F0F22040B95002FEA39 /* Video.swift in Sources */ = {isa = PBXBuildFile; fileRef = 52615F0E22040B95002FEA39 /* Video.swift */; };
		7A5AB30FC6D5F7F7C08D4558 /* Pods_Scrollr.framework in Frameworks */ = {isa = PBXBuildFile; fileRef = 1C3D827CE77E28B0826AECD7 /* Pods_Scrollr.framework */; };
		B26032BE224C965800429D9E /* FirebaseStorageManager.swift in Sources */ = {isa = PBXBuildFile; fileRef = B26032BD224C965800429D9E /* FirebaseStorageManager.swift */; };
		B26032C0224C999100429D9E /* FirebaseDataManager.swift in Sources */ = {isa = PBXBuildFile; fileRef = B26032BF224C999100429D9E /* FirebaseDataManager.swift */; };
		B26032C2224C9EA000429D9E /* FetchFirebaseVideos.swift in Sources */ = {isa = PBXBuildFile; fileRef = B26032C1224C9EA000429D9E /* FetchFirebaseVideos.swift */; };
		BE4DCEDB0661BDBEE41CC625 /* Pods_testTests.framework in Frameworks */ = {isa = PBXBuildFile; fileRef = E504C3431256CCF98751993B /* Pods_testTests.framework */; };
		BEA8E28A51E16DFE65922FCE /* Pods_ScrollrUITests.framework in Frameworks */ = {isa = PBXBuildFile; fileRef = F5885FE0E29D5B1F850D28BD /* Pods_ScrollrUITests.framework */; };
		D4EBFFF02D7EC39D5FC28D90 /* Pods_ScrollrTests.framework in Frameworks */ = {isa = PBXBuildFile; fileRef = 00C899EDA9A583F08763EB85 /* Pods_ScrollrTests.framework */; };
		D5E864009CF304BBBC5466CD /* Pods_testUITests.framework in Frameworks */ = {isa = PBXBuildFile; fileRef = F5187DBA1DCFC19CD72013BB /* Pods_testUITests.framework */; };
/* End PBXBuildFile section */

/* Begin PBXContainerItemProxy section */
		28288DA022025EE70059C8A7 /* PBXContainerItemProxy */ = {
			isa = PBXContainerItemProxy;
			containerPortal = 28288D8322025EE60059C8A7 /* Project object */;
			proxyType = 1;
			remoteGlobalIDString = 28288D8A22025EE60059C8A7;
			remoteInfo = test;
		};
		28288DAB22025EE70059C8A7 /* PBXContainerItemProxy */ = {
			isa = PBXContainerItemProxy;
			containerPortal = 28288D8322025EE60059C8A7 /* Project object */;
			proxyType = 1;
			remoteGlobalIDString = 28288D8A22025EE60059C8A7;
			remoteInfo = test;
		};
/* End PBXContainerItemProxy section */

/* Begin PBXFileReference section */
		00C899EDA9A583F08763EB85 /* Pods_ScrollrTests.framework */ = {isa = PBXFileReference; explicitFileType = wrapper.framework; includeInIndex = 0; path = Pods_ScrollrTests.framework; sourceTree = BUILT_PRODUCTS_DIR; };
		1C3D827CE77E28B0826AECD7 /* Pods_Scrollr.framework */ = {isa = PBXFileReference; explicitFileType = wrapper.framework; includeInIndex = 0; path = Pods_Scrollr.framework; sourceTree = BUILT_PRODUCTS_DIR; };
		28288D8B22025EE60059C8A7 /* Scrollr.app */ = {isa = PBXFileReference; explicitFileType = wrapper.application; includeInIndex = 0; path = Scrollr.app; sourceTree = BUILT_PRODUCTS_DIR; };
		28288D8E22025EE60059C8A7 /* AppDelegate.swift */ = {isa = PBXFileReference; lastKnownFileType = sourcecode.swift; path = AppDelegate.swift; sourceTree = "<group>"; };
		28288D9322025EE60059C8A7 /* Base */ = {isa = PBXFileReference; lastKnownFileType = file.storyboard; name = Base; path = Base.lproj/Main.storyboard; sourceTree = "<group>"; };
		28288D9522025EE70059C8A7 /* Assets.xcassets */ = {isa = PBXFileReference; lastKnownFileType = folder.assetcatalog; path = Assets.xcassets; sourceTree = "<group>"; };
		28288D9822025EE70059C8A7 /* Base */ = {isa = PBXFileReference; lastKnownFileType = file.storyboard; name = Base; path = Base.lproj/LaunchScreen.storyboard; sourceTree = "<group>"; };
		28288D9A22025EE70059C8A7 /* Info.plist */ = {isa = PBXFileReference; lastKnownFileType = text.plist.xml; path = Info.plist; sourceTree = "<group>"; };
		28288D9F22025EE70059C8A7 /* ScrollrTests.xctest */ = {isa = PBXFileReference; explicitFileType = wrapper.cfbundle; includeInIndex = 0; path = ScrollrTests.xctest; sourceTree = BUILT_PRODUCTS_DIR; };
		28288DA322025EE70059C8A7 /* ScrollrTests.swift */ = {isa = PBXFileReference; lastKnownFileType = sourcecode.swift; path = ScrollrTests.swift; sourceTree = "<group>"; };
		28288DA522025EE70059C8A7 /* Info.plist */ = {isa = PBXFileReference; lastKnownFileType = text.plist.xml; path = Info.plist; sourceTree = "<group>"; };
		28288DAA22025EE70059C8A7 /* ScrollrUITests.xctest */ = {isa = PBXFileReference; explicitFileType = wrapper.cfbundle; includeInIndex = 0; path = ScrollrUITests.xctest; sourceTree = BUILT_PRODUCTS_DIR; };
		28288DAE22025EE70059C8A7 /* ScrollrUITests.swift */ = {isa = PBXFileReference; lastKnownFileType = sourcecode.swift; path = ScrollrUITests.swift; sourceTree = "<group>"; };
		28288DB022025EE70059C8A7 /* Info.plist */ = {isa = PBXFileReference; lastKnownFileType = text.plist.xml; path = Info.plist; sourceTree = "<group>"; };
		28288DBC22025F320059C8A7 /* PageViewController.swift */ = {isa = PBXFileReference; lastKnownFileType = sourcecode.swift; path = PageViewController.swift; sourceTree = "<group>"; };
		28288DC4220260EF0059C8A7 /* ViewController.swift */ = {isa = PBXFileReference; lastKnownFileType = sourcecode.swift; path = ViewController.swift; sourceTree = "<group>"; };
		28288DCA22028E070059C8A7 /* AccessPhotoViewController.swift */ = {isa = PBXFileReference; lastKnownFileType = sourcecode.swift; path = AccessPhotoViewController.swift; sourceTree = "<group>"; };
		3240C48CAD6ACDAE8D078CF7 /* Pods-ScrollrTests.debug.xcconfig */ = {isa = PBXFileReference; includeInIndex = 1; lastKnownFileType = text.xcconfig; name = "Pods-ScrollrTests.debug.xcconfig"; path = "Pods/Target Support Files/Pods-ScrollrTests/Pods-ScrollrTests.debug.xcconfig"; sourceTree = "<group>"; };
		3FA320BD28E2718EF9F07D56 /* Pods-testUITests.debug.xcconfig */ = {isa = PBXFileReference; includeInIndex = 1; lastKnownFileType = text.xcconfig; name = "Pods-testUITests.debug.xcconfig"; path = "Pods/Target Support Files/Pods-testUITests/Pods-testUITests.debug.xcconfig"; sourceTree = "<group>"; };
		4F5DF3FD75646B43125273BD /* Pods-ScrollrUITests.release.xcconfig */ = {isa = PBXFileReference; includeInIndex = 1; lastKnownFileType = text.xcconfig; name = "Pods-ScrollrUITests.release.xcconfig"; path = "Pods/Target Support Files/Pods-ScrollrUITests/Pods-ScrollrUITests.release.xcconfig"; sourceTree = "<group>"; };
		4FF2B16C642D8E8D1BB0F103 /* Pods-Scrollr.release.xcconfig */ = {isa = PBXFileReference; includeInIndex = 1; lastKnownFileType = text.xcconfig; name = "Pods-Scrollr.release.xcconfig"; path = "Pods/Target Support Files/Pods-Scrollr/Pods-Scrollr.release.xcconfig"; sourceTree = "<group>"; };
		51CE92EAF59601439E132FA8 /* Pods-test.debug.xcconfig */ = {isa = PBXFileReference; includeInIndex = 1; lastKnownFileType = text.xcconfig; name = "Pods-test.debug.xcconfig"; path = "Pods/Target Support Files/Pods-test/Pods-test.debug.xcconfig"; sourceTree = "<group>"; };
		520470222203A008000A1EA6 /* GoogleService-Info.plist */ = {isa = PBXFileReference; fileEncoding = 4; lastKnownFileType = text.plist.xml; path = "GoogleService-Info.plist"; sourceTree = "<group>"; };
		5208F06922065D3400BD2712 /* AccessPhotoViewController+YPImagePicker.swift */ = {isa = PBXFileReference; lastKnownFileType = sourcecode.swift; path = "AccessPhotoViewController+YPImagePicker.swift"; sourceTree = "<group>"; };
		52615F0E22040B95002FEA39 /* Video.swift */ = {isa = PBXFileReference; lastKnownFileType = sourcecode.swift; path = Video.swift; sourceTree = "<group>"; };
		7E3CFC8373DB1EEABB3A638B /* Pods-testTests.debug.xcconfig */ = {isa = PBXFileReference; includeInIndex = 1; lastKnownFileType = text.xcconfig; name = "Pods-testTests.debug.xcconfig"; path = "Pods/Target Support Files/Pods-testTests/Pods-testTests.debug.xcconfig"; sourceTree = "<group>"; };
		885A473F8C74B1D5F96843F0 /* Pods-test.release.xcconfig */ = {isa = PBXFileReference; includeInIndex = 1; lastKnownFileType = text.xcconfig; name = "Pods-test.release.xcconfig"; path = "Pods/Target Support Files/Pods-test/Pods-test.release.xcconfig"; sourceTree = "<group>"; };
		937CF436C5FE742E1FA6ADFB /* Pods-testTests.release.xcconfig */ = {isa = PBXFileReference; includeInIndex = 1; lastKnownFileType = text.xcconfig; name = "Pods-testTests.release.xcconfig"; path = "Pods/Target Support Files/Pods-testTests/Pods-testTests.release.xcconfig"; sourceTree = "<group>"; };
		9F876E7E31D0E048AE644BE9 /* Pods_test.framework */ = {isa = PBXFileReference; explicitFileType = wrapper.framework; includeInIndex = 0; path = Pods_test.framework; sourceTree = BUILT_PRODUCTS_DIR; };
		A70C653FDC41230A4C67788D /* Pods-testUITests.release.xcconfig */ = {isa = PBXFileReference; includeInIndex = 1; lastKnownFileType = text.xcconfig; name = "Pods-testUITests.release.xcconfig"; path = "Pods/Target Support Files/Pods-testUITests/Pods-testUITests.release.xcconfig"; sourceTree = "<group>"; };
		AD0B9EABB72C8CF4A7929EB0 /* Pods-ScrollrTests.release.xcconfig */ = {isa = PBXFileReference; includeInIndex = 1; lastKnownFileType = text.xcconfig; name = "Pods-ScrollrTests.release.xcconfig"; path = "Pods/Target Support Files/Pods-ScrollrTests/Pods-ScrollrTests.release.xcconfig"; sourceTree = "<group>"; };
		B26032BD224C965800429D9E /* FirebaseStorageManager.swift */ = {isa = PBXFileReference; lastKnownFileType = sourcecode.swift; path = FirebaseStorageManager.swift; sourceTree = "<group>"; };
		B26032BF224C999100429D9E /* FirebaseDataManager.swift */ = {isa = PBXFileReference; lastKnownFileType = sourcecode.swift; path = FirebaseDataManager.swift; sourceTree = "<group>"; };
		B26032C1224C9EA000429D9E /* FetchFirebaseVideos.swift */ = {isa = PBXFileReference; lastKnownFileType = sourcecode.swift; path = FetchFirebaseVideos.swift; sourceTree = "<group>"; };
		CAD558AEA8A94C07CDD5D5C8 /* Pods-ScrollrUITests.debug.xcconfig */ = {isa = PBXFileReference; includeInIndex = 1; lastKnownFileType = text.xcconfig; name = "Pods-ScrollrUITests.debug.xcconfig"; path = "Pods/Target Support Files/Pods-ScrollrUITests/Pods-ScrollrUITests.debug.xcconfig"; sourceTree = "<group>"; };
		E0532D0D233F0FD211571DD3 /* Pods-Scrollr.debug.xcconfig */ = {isa = PBXFileReference; includeInIndex = 1; lastKnownFileType = text.xcconfig; name = "Pods-Scrollr.debug.xcconfig"; path = "Pods/Target Support Files/Pods-Scrollr/Pods-Scrollr.debug.xcconfig"; sourceTree = "<group>"; };
		E504C3431256CCF98751993B /* Pods_testTests.framework */ = {isa = PBXFileReference; explicitFileType = wrapper.framework; includeInIndex = 0; path = Pods_testTests.framework; sourceTree = BUILT_PRODUCTS_DIR; };
		F5187DBA1DCFC19CD72013BB /* Pods_testUITests.framework */ = {isa = PBXFileReference; explicitFileType = wrapper.framework; includeInIndex = 0; path = Pods_testUITests.framework; sourceTree = BUILT_PRODUCTS_DIR; };
		F5885FE0E29D5B1F850D28BD /* Pods_ScrollrUITests.framework */ = {isa = PBXFileReference; explicitFileType = wrapper.framework; includeInIndex = 0; path = Pods_ScrollrUITests.framework; sourceTree = BUILT_PRODUCTS_DIR; };
/* End PBXFileReference section */

/* Begin PBXFrameworksBuildPhase section */
		28288D8822025EE60059C8A7 /* Frameworks */ = {
			isa = PBXFrameworksBuildPhase;
			buildActionMask = 2147483647;
			files = (
				7A5AB30FC6D5F7F7C08D4558 /* Pods_Scrollr.framework in Frameworks */,
			);
			runOnlyForDeploymentPostprocessing = 0;
		};
		28288D9C22025EE70059C8A7 /* Frameworks */ = {
			isa = PBXFrameworksBuildPhase;
			buildActionMask = 2147483647;
			files = (
				BE4DCEDB0661BDBEE41CC625 /* Pods_testTests.framework in Frameworks */,
				D4EBFFF02D7EC39D5FC28D90 /* Pods_ScrollrTests.framework in Frameworks */,
			);
			runOnlyForDeploymentPostprocessing = 0;
		};
		28288DA722025EE70059C8A7 /* Frameworks */ = {
			isa = PBXFrameworksBuildPhase;
			buildActionMask = 2147483647;
			files = (
				D5E864009CF304BBBC5466CD /* Pods_testUITests.framework in Frameworks */,
				BEA8E28A51E16DFE65922FCE /* Pods_ScrollrUITests.framework in Frameworks */,
			);
			runOnlyForDeploymentPostprocessing = 0;
		};
/* End PBXFrameworksBuildPhase section */

/* Begin PBXGroup section */
		28288D8222025EE60059C8A7 = {
			isa = PBXGroup;
			children = (
				28288D8D22025EE60059C8A7 /* Scrollr */,
				28288DA222025EE70059C8A7 /* ScrollrTests */,
				28288DAD22025EE70059C8A7 /* ScrollrUITests */,
				28288D8C22025EE60059C8A7 /* Products */,
				F50ADFBB2EC51AB10FF49126 /* Pods */,
				A6436C34853944173FAF3613 /* Frameworks */,
			);
			sourceTree = "<group>";
		};
		28288D8C22025EE60059C8A7 /* Products */ = {
			isa = PBXGroup;
			children = (
				28288D8B22025EE60059C8A7 /* Scrollr.app */,
				28288D9F22025EE70059C8A7 /* ScrollrTests.xctest */,
				28288DAA22025EE70059C8A7 /* ScrollrUITests.xctest */,
			);
			name = Products;
			sourceTree = "<group>";
		};
		28288D8D22025EE60059C8A7 /* Scrollr */ = {
			isa = PBXGroup;
			children = (
				28288D8E22025EE60059C8A7 /* AppDelegate.swift */,
				28288D9222025EE60059C8A7 /* Main.storyboard */,
				B26032C3224CA0C700429D9E /* Firebase */,
				B26032C4224CA0DC00429D9E /* View Controllers */,
				52615F0E22040B95002FEA39 /* Video.swift */,
				520470222203A008000A1EA6 /* GoogleService-Info.plist */,
				28288D9722025EE70059C8A7 /* LaunchScreen.storyboard */,
				28288D9A22025EE70059C8A7 /* Info.plist */,
				28288D9522025EE70059C8A7 /* Assets.xcassets */,
			);
			path = Scrollr;
			sourceTree = "<group>";
		};
		28288DA222025EE70059C8A7 /* ScrollrTests */ = {
			isa = PBXGroup;
			children = (
				28288DA322025EE70059C8A7 /* ScrollrTests.swift */,
				28288DA522025EE70059C8A7 /* Info.plist */,
			);
			path = ScrollrTests;
			sourceTree = "<group>";
		};
		28288DAD22025EE70059C8A7 /* ScrollrUITests */ = {
			isa = PBXGroup;
			children = (
				28288DAE22025EE70059C8A7 /* ScrollrUITests.swift */,
				28288DB022025EE70059C8A7 /* Info.plist */,
			);
			path = ScrollrUITests;
			sourceTree = "<group>";
		};
		A6436C34853944173FAF3613 /* Frameworks */ = {
			isa = PBXGroup;
			children = (
				9F876E7E31D0E048AE644BE9 /* Pods_test.framework */,
				E504C3431256CCF98751993B /* Pods_testTests.framework */,
				F5187DBA1DCFC19CD72013BB /* Pods_testUITests.framework */,
				1C3D827CE77E28B0826AECD7 /* Pods_Scrollr.framework */,
				00C899EDA9A583F08763EB85 /* Pods_ScrollrTests.framework */,
				F5885FE0E29D5B1F850D28BD /* Pods_ScrollrUITests.framework */,
			);
			name = Frameworks;
			sourceTree = "<group>";
		};
		B26032C3224CA0C700429D9E /* Firebase */ = {
			isa = PBXGroup;
			children = (
				B26032BD224C965800429D9E /* FirebaseStorageManager.swift */,
				B26032BF224C999100429D9E /* FirebaseDataManager.swift */,
				B26032C1224C9EA000429D9E /* FetchFirebaseVideos.swift */,
			);
			path = Firebase;
			sourceTree = "<group>";
		};
		B26032C4224CA0DC00429D9E /* View Controllers */ = {
			isa = PBXGroup;
			children = (
				28288DBC22025F320059C8A7 /* PageViewController.swift */,
				28288DC4220260EF0059C8A7 /* ViewController.swift */,
				28288DCA22028E070059C8A7 /* AccessPhotoViewController.swift */,
				5208F06922065D3400BD2712 /* AccessPhotoViewController+YPImagePicker.swift */,
			);
			path = "View Controllers";
			sourceTree = "<group>";
		};
		F50ADFBB2EC51AB10FF49126 /* Pods */ = {
			isa = PBXGroup;
			children = (
				51CE92EAF59601439E132FA8 /* Pods-test.debug.xcconfig */,
				885A473F8C74B1D5F96843F0 /* Pods-test.release.xcconfig */,
				7E3CFC8373DB1EEABB3A638B /* Pods-testTests.debug.xcconfig */,
				937CF436C5FE742E1FA6ADFB /* Pods-testTests.release.xcconfig */,
				3FA320BD28E2718EF9F07D56 /* Pods-testUITests.debug.xcconfig */,
				A70C653FDC41230A4C67788D /* Pods-testUITests.release.xcconfig */,
				E0532D0D233F0FD211571DD3 /* Pods-Scrollr.debug.xcconfig */,
				4FF2B16C642D8E8D1BB0F103 /* Pods-Scrollr.release.xcconfig */,
				3240C48CAD6ACDAE8D078CF7 /* Pods-ScrollrTests.debug.xcconfig */,
				AD0B9EABB72C8CF4A7929EB0 /* Pods-ScrollrTests.release.xcconfig */,
				CAD558AEA8A94C07CDD5D5C8 /* Pods-ScrollrUITests.debug.xcconfig */,
				4F5DF3FD75646B43125273BD /* Pods-ScrollrUITests.release.xcconfig */,
			);
			name = Pods;
			sourceTree = "<group>";
		};
/* End PBXGroup section */

/* Begin PBXNativeTarget section */
		28288D8A22025EE60059C8A7 /* Scrollr */ = {
			isa = PBXNativeTarget;
			buildConfigurationList = 28288DB322025EE70059C8A7 /* Build configuration list for PBXNativeTarget "Scrollr" */;
			buildPhases = (
				7E4BA3A9BDC80874E0F98227 /* [CP] Check Pods Manifest.lock */,
				28288D8722025EE60059C8A7 /* Sources */,
				28288D8822025EE60059C8A7 /* Frameworks */,
				28288D8922025EE60059C8A7 /* Resources */,
				7C173C1EDD31C2360529DD6F /* [CP] Embed Pods Frameworks */,
			);
			buildRules = (
			);
			dependencies = (
			);
			name = Scrollr;
			productName = test;
			productReference = 28288D8B22025EE60059C8A7 /* Scrollr.app */;
			productType = "com.apple.product-type.application";
		};
		28288D9E22025EE70059C8A7 /* ScrollrTests */ = {
			isa = PBXNativeTarget;
			buildConfigurationList = 28288DB622025EE70059C8A7 /* Build configuration list for PBXNativeTarget "ScrollrTests" */;
			buildPhases = (
				AA0A7D416800192718F13F74 /* [CP] Check Pods Manifest.lock */,
				28288D9B22025EE70059C8A7 /* Sources */,
				28288D9C22025EE70059C8A7 /* Frameworks */,
				28288D9D22025EE70059C8A7 /* Resources */,
			);
			buildRules = (
			);
			dependencies = (
				28288DA122025EE70059C8A7 /* PBXTargetDependency */,
			);
			name = ScrollrTests;
			productName = testTests;
			productReference = 28288D9F22025EE70059C8A7 /* ScrollrTests.xctest */;
			productType = "com.apple.product-type.bundle.unit-test";
		};
		28288DA922025EE70059C8A7 /* ScrollrUITests */ = {
			isa = PBXNativeTarget;
			buildConfigurationList = 28288DB922025EE70059C8A7 /* Build configuration list for PBXNativeTarget "ScrollrUITests" */;
			buildPhases = (
				E5808B6F98F88E31E4BB23D1 /* [CP] Check Pods Manifest.lock */,
				28288DA622025EE70059C8A7 /* Sources */,
				28288DA722025EE70059C8A7 /* Frameworks */,
				28288DA822025EE70059C8A7 /* Resources */,
			);
			buildRules = (
			);
			dependencies = (
				28288DAC22025EE70059C8A7 /* PBXTargetDependency */,
			);
			name = ScrollrUITests;
			productName = testUITests;
			productReference = 28288DAA22025EE70059C8A7 /* ScrollrUITests.xctest */;
			productType = "com.apple.product-type.bundle.ui-testing";
		};
/* End PBXNativeTarget section */

/* Begin PBXProject section */
		28288D8322025EE60059C8A7 /* Project object */ = {
			isa = PBXProject;
			attributes = {
				LastSwiftUpdateCheck = 1010;
				LastUpgradeCheck = 1010;
				ORGANIZATIONNAME = "Joshua Fang";
				TargetAttributes = {
					28288D8A22025EE60059C8A7 = {
						CreatedOnToolsVersion = 10.1;
						LastSwiftMigration = 1010;
					};
					28288D9E22025EE70059C8A7 = {
						CreatedOnToolsVersion = 10.1;
						TestTargetID = 28288D8A22025EE60059C8A7;
					};
					28288DA922025EE70059C8A7 = {
						CreatedOnToolsVersion = 10.1;
						TestTargetID = 28288D8A22025EE60059C8A7;
					};
				};
			};
			buildConfigurationList = 28288D8622025EE60059C8A7 /* Build configuration list for PBXProject "Scrollr" */;
			compatibilityVersion = "Xcode 9.3";
			developmentRegion = en;
			hasScannedForEncodings = 0;
			knownRegions = (
				en,
				Base,
			);
			mainGroup = 28288D8222025EE60059C8A7;
			productRefGroup = 28288D8C22025EE60059C8A7 /* Products */;
			projectDirPath = "";
			projectRoot = "";
			targets = (
				28288D8A22025EE60059C8A7 /* Scrollr */,
				28288D9E22025EE70059C8A7 /* ScrollrTests */,
				28288DA922025EE70059C8A7 /* ScrollrUITests */,
			);
		};
/* End PBXProject section */

/* Begin PBXResourcesBuildPhase section */
		28288D8922025EE60059C8A7 /* Resources */ = {
			isa = PBXResourcesBuildPhase;
			buildActionMask = 2147483647;
			files = (
				28288D9922025EE70059C8A7 /* LaunchScreen.storyboard in Resources */,
				28288D9622025EE70059C8A7 /* Assets.xcassets in Resources */,
				28288D9422025EE60059C8A7 /* Main.storyboard in Resources */,
				520470232203A008000A1EA6 /* GoogleService-Info.plist in Resources */,
			);
			runOnlyForDeploymentPostprocessing = 0;
		};
		28288D9D22025EE70059C8A7 /* Resources */ = {
			isa = PBXResourcesBuildPhase;
			buildActionMask = 2147483647;
			files = (
			);
			runOnlyForDeploymentPostprocessing = 0;
		};
		28288DA822025EE70059C8A7 /* Resources */ = {
			isa = PBXResourcesBuildPhase;
			buildActionMask = 2147483647;
			files = (
			);
			runOnlyForDeploymentPostprocessing = 0;
		};
/* End PBXResourcesBuildPhase section */

/* Begin PBXShellScriptBuildPhase section */
		7C173C1EDD31C2360529DD6F /* [CP] Embed Pods Frameworks */ = {
			isa = PBXShellScriptBuildPhase;
			buildActionMask = 2147483647;
			files = (
			);
			inputFileListPaths = (
			);
			inputPaths = (
				"${SRCROOT}/Pods/Target Support Files/Pods-Scrollr/Pods-Scrollr-frameworks.sh",
				"${BUILT_PRODUCTS_DIR}/BoringSSL-GRPC/openssl_grpc.framework",
				"${BUILT_PRODUCTS_DIR}/CBFlashyTabBarController/CBFlashyTabBarController.framework",
				"${BUILT_PRODUCTS_DIR}/GTMSessionFetcher/GTMSessionFetcher.framework",
				"${BUILT_PRODUCTS_DIR}/GoogleUtilities/GoogleUtilities.framework",
				"${BUILT_PRODUCTS_DIR}/Protobuf/Protobuf.framework",
				"${BUILT_PRODUCTS_DIR}/PryntTrimmerView/PryntTrimmerView.framework",
				"${BUILT_PRODUCTS_DIR}/SteviaLayout/Stevia.framework",
				"${BUILT_PRODUCTS_DIR}/YPImagePicker/YPImagePicker.framework",
				"${BUILT_PRODUCTS_DIR}/gRPC-C++/grpcpp.framework",
				"${BUILT_PRODUCTS_DIR}/gRPC-Core/grpc.framework",
				"${BUILT_PRODUCTS_DIR}/leveldb-library/leveldb.framework",
				"${BUILT_PRODUCTS_DIR}/nanopb/nanopb.framework",
			);
			name = "[CP] Embed Pods Frameworks";
			outputFileListPaths = (
			);
			outputPaths = (
				"${TARGET_BUILD_DIR}/${FRAMEWORKS_FOLDER_PATH}/openssl_grpc.framework",
				"${TARGET_BUILD_DIR}/${FRAMEWORKS_FOLDER_PATH}/CBFlashyTabBarController.framework",
				"${TARGET_BUILD_DIR}/${FRAMEWORKS_FOLDER_PATH}/GTMSessionFetcher.framework",
				"${TARGET_BUILD_DIR}/${FRAMEWORKS_FOLDER_PATH}/GoogleUtilities.framework",
				"${TARGET_BUILD_DIR}/${FRAMEWORKS_FOLDER_PATH}/Protobuf.framework",
				"${TARGET_BUILD_DIR}/${FRAMEWORKS_FOLDER_PATH}/PryntTrimmerView.framework",
				"${TARGET_BUILD_DIR}/${FRAMEWORKS_FOLDER_PATH}/Stevia.framework",
				"${TARGET_BUILD_DIR}/${FRAMEWORKS_FOLDER_PATH}/YPImagePicker.framework",
				"${TARGET_BUILD_DIR}/${FRAMEWORKS_FOLDER_PATH}/grpcpp.framework",
				"${TARGET_BUILD_DIR}/${FRAMEWORKS_FOLDER_PATH}/grpc.framework",
				"${TARGET_BUILD_DIR}/${FRAMEWORKS_FOLDER_PATH}/leveldb.framework",
				"${TARGET_BUILD_DIR}/${FRAMEWORKS_FOLDER_PATH}/nanopb.framework",
			);
			runOnlyForDeploymentPostprocessing = 0;
			shellPath = /bin/sh;
			shellScript = "\"${SRCROOT}/Pods/Target Support Files/Pods-Scrollr/Pods-Scrollr-frameworks.sh\"\n";
			showEnvVarsInLog = 0;
		};
		7E4BA3A9BDC80874E0F98227 /* [CP] Check Pods Manifest.lock */ = {
			isa = PBXShellScriptBuildPhase;
			buildActionMask = 2147483647;
			files = (
			);
			inputFileListPaths = (
			);
			inputPaths = (
				"${PODS_PODFILE_DIR_PATH}/Podfile.lock",
				"${PODS_ROOT}/Manifest.lock",
			);
			name = "[CP] Check Pods Manifest.lock";
			outputFileListPaths = (
			);
			outputPaths = (
				"$(DERIVED_FILE_DIR)/Pods-Scrollr-checkManifestLockResult.txt",
			);
			runOnlyForDeploymentPostprocessing = 0;
			shellPath = /bin/sh;
			shellScript = "diff \"${PODS_PODFILE_DIR_PATH}/Podfile.lock\" \"${PODS_ROOT}/Manifest.lock\" > /dev/null\nif [ $? != 0 ] ; then\n    # print error to STDERR\n    echo \"error: The sandbox is not in sync with the Podfile.lock. Run 'pod install' or update your CocoaPods installation.\" >&2\n    exit 1\nfi\n# This output is used by Xcode 'outputs' to avoid re-running this script phase.\necho \"SUCCESS\" > \"${SCRIPT_OUTPUT_FILE_0}\"\n";
			showEnvVarsInLog = 0;
		};
		AA0A7D416800192718F13F74 /* [CP] Check Pods Manifest.lock */ = {
			isa = PBXShellScriptBuildPhase;
			buildActionMask = 2147483647;
			files = (
			);
			inputFileListPaths = (
			);
			inputPaths = (
				"${PODS_PODFILE_DIR_PATH}/Podfile.lock",
				"${PODS_ROOT}/Manifest.lock",
			);
			name = "[CP] Check Pods Manifest.lock";
			outputFileListPaths = (
			);
			outputPaths = (
				"$(DERIVED_FILE_DIR)/Pods-ScrollrTests-checkManifestLockResult.txt",
			);
			runOnlyForDeploymentPostprocessing = 0;
			shellPath = /bin/sh;
			shellScript = "diff \"${PODS_PODFILE_DIR_PATH}/Podfile.lock\" \"${PODS_ROOT}/Manifest.lock\" > /dev/null\nif [ $? != 0 ] ; then\n    # print error to STDERR\n    echo \"error: The sandbox is not in sync with the Podfile.lock. Run 'pod install' or update your CocoaPods installation.\" >&2\n    exit 1\nfi\n# This output is used by Xcode 'outputs' to avoid re-running this script phase.\necho \"SUCCESS\" > \"${SCRIPT_OUTPUT_FILE_0}\"\n";
			showEnvVarsInLog = 0;
		};
		E5808B6F98F88E31E4BB23D1 /* [CP] Check Pods Manifest.lock */ = {
			isa = PBXShellScriptBuildPhase;
			buildActionMask = 2147483647;
			files = (
			);
			inputFileListPaths = (
			);
			inputPaths = (
				"${PODS_PODFILE_DIR_PATH}/Podfile.lock",
				"${PODS_ROOT}/Manifest.lock",
			);
			name = "[CP] Check Pods Manifest.lock";
			outputFileListPaths = (
			);
			outputPaths = (
				"$(DERIVED_FILE_DIR)/Pods-ScrollrUITests-checkManifestLockResult.txt",
			);
			runOnlyForDeploymentPostprocessing = 0;
			shellPath = /bin/sh;
			shellScript = "diff \"${PODS_PODFILE_DIR_PATH}/Podfile.lock\" \"${PODS_ROOT}/Manifest.lock\" > /dev/null\nif [ $? != 0 ] ; then\n    # print error to STDERR\n    echo \"error: The sandbox is not in sync with the Podfile.lock. Run 'pod install' or update your CocoaPods installation.\" >&2\n    exit 1\nfi\n# This output is used by Xcode 'outputs' to avoid re-running this script phase.\necho \"SUCCESS\" > \"${SCRIPT_OUTPUT_FILE_0}\"\n";
			showEnvVarsInLog = 0;
		};
/* End PBXShellScriptBuildPhase section */

/* Begin PBXSourcesBuildPhase section */
		28288D8722025EE60059C8A7 /* Sources */ = {
			isa = PBXSourcesBuildPhase;
			buildActionMask = 2147483647;
			files = (
				5208F06A22065D3400BD2712 /* AccessPhotoViewController+YPImagePicker.swift in Sources */,
				28288DC5220260EF0059C8A7 /* ViewController.swift in Sources */,
				28288DCB22028E070059C8A7 /* AccessPhotoViewController.swift in Sources */,
				B26032C0224C999100429D9E /* FirebaseDataManager.swift in Sources */,
				28288DBD22025F320059C8A7 /* PageViewController.swift in Sources */,
				B26032BE224C965800429D9E /* FirebaseStorageManager.swift in Sources */,
				B26032C2224C9EA000429D9E /* FetchFirebaseVideos.swift in Sources */,
				52615F0F22040B95002FEA39 /* Video.swift in Sources */,
				28288D8F22025EE60059C8A7 /* AppDelegate.swift in Sources */,
			);
			runOnlyForDeploymentPostprocessing = 0;
		};
		28288D9B22025EE70059C8A7 /* Sources */ = {
			isa = PBXSourcesBuildPhase;
			buildActionMask = 2147483647;
			files = (
				28288DA422025EE70059C8A7 /* ScrollrTests.swift in Sources */,
			);
			runOnlyForDeploymentPostprocessing = 0;
		};
		28288DA622025EE70059C8A7 /* Sources */ = {
			isa = PBXSourcesBuildPhase;
			buildActionMask = 2147483647;
			files = (
				28288DAF22025EE70059C8A7 /* ScrollrUITests.swift in Sources */,
			);
			runOnlyForDeploymentPostprocessing = 0;
		};
/* End PBXSourcesBuildPhase section */

/* Begin PBXTargetDependency section */
		28288DA122025EE70059C8A7 /* PBXTargetDependency */ = {
			isa = PBXTargetDependency;
			target = 28288D8A22025EE60059C8A7 /* Scrollr */;
			targetProxy = 28288DA022025EE70059C8A7 /* PBXContainerItemProxy */;
		};
		28288DAC22025EE70059C8A7 /* PBXTargetDependency */ = {
			isa = PBXTargetDependency;
			target = 28288D8A22025EE60059C8A7 /* Scrollr */;
			targetProxy = 28288DAB22025EE70059C8A7 /* PBXContainerItemProxy */;
		};
/* End PBXTargetDependency section */

/* Begin PBXVariantGroup section */
		28288D9222025EE60059C8A7 /* Main.storyboard */ = {
			isa = PBXVariantGroup;
			children = (
				28288D9322025EE60059C8A7 /* Base */,
			);
			name = Main.storyboard;
			sourceTree = "<group>";
		};
		28288D9722025EE70059C8A7 /* LaunchScreen.storyboard */ = {
			isa = PBXVariantGroup;
			children = (
				28288D9822025EE70059C8A7 /* Base */,
			);
			name = LaunchScreen.storyboard;
			sourceTree = "<group>";
		};
/* End PBXVariantGroup section */

/* Begin XCBuildConfiguration section */
		28288DB122025EE70059C8A7 /* Debug */ = {
			isa = XCBuildConfiguration;
			buildSettings = {
				ALWAYS_SEARCH_USER_PATHS = NO;
				CLANG_ANALYZER_NONNULL = YES;
				CLANG_ANALYZER_NUMBER_OBJECT_CONVERSION = YES_AGGRESSIVE;
				CLANG_CXX_LANGUAGE_STANDARD = "gnu++14";
				CLANG_CXX_LIBRARY = "libc++";
				CLANG_ENABLE_MODULES = YES;
				CLANG_ENABLE_OBJC_ARC = YES;
				CLANG_ENABLE_OBJC_WEAK = YES;
				CLANG_WARN_BLOCK_CAPTURE_AUTORELEASING = YES;
				CLANG_WARN_BOOL_CONVERSION = YES;
				CLANG_WARN_COMMA = YES;
				CLANG_WARN_CONSTANT_CONVERSION = YES;
				CLANG_WARN_DEPRECATED_OBJC_IMPLEMENTATIONS = YES;
				CLANG_WARN_DIRECT_OBJC_ISA_USAGE = YES_ERROR;
				CLANG_WARN_DOCUMENTATION_COMMENTS = YES;
				CLANG_WARN_EMPTY_BODY = YES;
				CLANG_WARN_ENUM_CONVERSION = YES;
				CLANG_WARN_INFINITE_RECURSION = YES;
				CLANG_WARN_INT_CONVERSION = YES;
				CLANG_WARN_NON_LITERAL_NULL_CONVERSION = YES;
				CLANG_WARN_OBJC_IMPLICIT_RETAIN_SELF = YES;
				CLANG_WARN_OBJC_LITERAL_CONVERSION = YES;
				CLANG_WARN_OBJC_ROOT_CLASS = YES_ERROR;
				CLANG_WARN_RANGE_LOOP_ANALYSIS = YES;
				CLANG_WARN_STRICT_PROTOTYPES = YES;
				CLANG_WARN_SUSPICIOUS_MOVE = YES;
				CLANG_WARN_UNGUARDED_AVAILABILITY = YES_AGGRESSIVE;
				CLANG_WARN_UNREACHABLE_CODE = YES;
				CLANG_WARN__DUPLICATE_METHOD_MATCH = YES;
				CODE_SIGN_IDENTITY = "iPhone Developer";
				COPY_PHASE_STRIP = NO;
				DEBUG_INFORMATION_FORMAT = dwarf;
				ENABLE_STRICT_OBJC_MSGSEND = YES;
				ENABLE_TESTABILITY = YES;
				GCC_C_LANGUAGE_STANDARD = gnu11;
				GCC_DYNAMIC_NO_PIC = NO;
				GCC_NO_COMMON_BLOCKS = YES;
				GCC_OPTIMIZATION_LEVEL = 0;
				GCC_PREPROCESSOR_DEFINITIONS = (
					"DEBUG=1",
					"$(inherited)",
				);
				GCC_WARN_64_TO_32_BIT_CONVERSION = YES;
				GCC_WARN_ABOUT_RETURN_TYPE = YES_ERROR;
				GCC_WARN_UNDECLARED_SELECTOR = YES;
				GCC_WARN_UNINITIALIZED_AUTOS = YES_AGGRESSIVE;
				GCC_WARN_UNUSED_FUNCTION = YES;
				GCC_WARN_UNUSED_VARIABLE = YES;
				IPHONEOS_DEPLOYMENT_TARGET = 12.1;
				MTL_ENABLE_DEBUG_INFO = INCLUDE_SOURCE;
				MTL_FAST_MATH = YES;
				ONLY_ACTIVE_ARCH = YES;
				SDKROOT = iphoneos;
				SWIFT_ACTIVE_COMPILATION_CONDITIONS = DEBUG;
				SWIFT_OPTIMIZATION_LEVEL = "-Onone";
			};
			name = Debug;
		};
		28288DB222025EE70059C8A7 /* Release */ = {
			isa = XCBuildConfiguration;
			buildSettings = {
				ALWAYS_SEARCH_USER_PATHS = NO;
				CLANG_ANALYZER_NONNULL = YES;
				CLANG_ANALYZER_NUMBER_OBJECT_CONVERSION = YES_AGGRESSIVE;
				CLANG_CXX_LANGUAGE_STANDARD = "gnu++14";
				CLANG_CXX_LIBRARY = "libc++";
				CLANG_ENABLE_MODULES = YES;
				CLANG_ENABLE_OBJC_ARC = YES;
				CLANG_ENABLE_OBJC_WEAK = YES;
				CLANG_WARN_BLOCK_CAPTURE_AUTORELEASING = YES;
				CLANG_WARN_BOOL_CONVERSION = YES;
				CLANG_WARN_COMMA = YES;
				CLANG_WARN_CONSTANT_CONVERSION = YES;
				CLANG_WARN_DEPRECATED_OBJC_IMPLEMENTATIONS = YES;
				CLANG_WARN_DIRECT_OBJC_ISA_USAGE = YES_ERROR;
				CLANG_WARN_DOCUMENTATION_COMMENTS = YES;
				CLANG_WARN_EMPTY_BODY = YES;
				CLANG_WARN_ENUM_CONVERSION = YES;
				CLANG_WARN_INFINITE_RECURSION = YES;
				CLANG_WARN_INT_CONVERSION = YES;
				CLANG_WARN_NON_LITERAL_NULL_CONVERSION = YES;
				CLANG_WARN_OBJC_IMPLICIT_RETAIN_SELF = YES;
				CLANG_WARN_OBJC_LITERAL_CONVERSION = YES;
				CLANG_WARN_OBJC_ROOT_CLASS = YES_ERROR;
				CLANG_WARN_RANGE_LOOP_ANALYSIS = YES;
				CLANG_WARN_STRICT_PROTOTYPES = YES;
				CLANG_WARN_SUSPICIOUS_MOVE = YES;
				CLANG_WARN_UNGUARDED_AVAILABILITY = YES_AGGRESSIVE;
				CLANG_WARN_UNREACHABLE_CODE = YES;
				CLANG_WARN__DUPLICATE_METHOD_MATCH = YES;
				CODE_SIGN_IDENTITY = "iPhone Developer";
				COPY_PHASE_STRIP = NO;
				DEBUG_INFORMATION_FORMAT = "dwarf-with-dsym";
				ENABLE_NS_ASSERTIONS = NO;
				ENABLE_STRICT_OBJC_MSGSEND = YES;
				GCC_C_LANGUAGE_STANDARD = gnu11;
				GCC_NO_COMMON_BLOCKS = YES;
				GCC_WARN_64_TO_32_BIT_CONVERSION = YES;
				GCC_WARN_ABOUT_RETURN_TYPE = YES_ERROR;
				GCC_WARN_UNDECLARED_SELECTOR = YES;
				GCC_WARN_UNINITIALIZED_AUTOS = YES_AGGRESSIVE;
				GCC_WARN_UNUSED_FUNCTION = YES;
				GCC_WARN_UNUSED_VARIABLE = YES;
				IPHONEOS_DEPLOYMENT_TARGET = 12.1;
				MTL_ENABLE_DEBUG_INFO = NO;
				MTL_FAST_MATH = YES;
				SDKROOT = iphoneos;
				SWIFT_COMPILATION_MODE = wholemodule;
				SWIFT_OPTIMIZATION_LEVEL = "-O";
				VALIDATE_PRODUCT = YES;
			};
			name = Release;
		};
		28288DB422025EE70059C8A7 /* Debug */ = {
			isa = XCBuildConfiguration;
			baseConfigurationReference = E0532D0D233F0FD211571DD3 /* Pods-Scrollr.debug.xcconfig */;
			buildSettings = {
				ASSETCATALOG_COMPILER_APPICON_NAME = AppIcon;
				CLANG_ENABLE_MODULES = YES;
				CODE_SIGN_STYLE = Automatic;
				DEVELOPMENT_TEAM = 8ASXJNR2T2;
				INFOPLIST_FILE = Scrollr/Info.plist;
				LD_RUNPATH_SEARCH_PATHS = (
					"$(inherited)",
					"@executable_path/Frameworks",
				);
				PRODUCT_BUNDLE_IDENTIFIER = josh123.Scrollr;
				PRODUCT_NAME = "$(TARGET_NAME)";
				SWIFT_OPTIMIZATION_LEVEL = "-Onone";
				SWIFT_VERSION = 4.2;
				TARGETED_DEVICE_FAMILY = "1,2";
			};
			name = Debug;
		};
		28288DB522025EE70059C8A7 /* Release */ = {
			isa = XCBuildConfiguration;
			baseConfigurationReference = 4FF2B16C642D8E8D1BB0F103 /* Pods-Scrollr.release.xcconfig */;
			buildSettings = {
				ASSETCATALOG_COMPILER_APPICON_NAME = AppIcon;
				CLANG_ENABLE_MODULES = YES;
				CODE_SIGN_STYLE = Automatic;
				DEVELOPMENT_TEAM = 8ASXJNR2T2;
				INFOPLIST_FILE = Scrollr/Info.plist;
				LD_RUNPATH_SEARCH_PATHS = (
					"$(inherited)",
					"@executable_path/Frameworks",
				);
				PRODUCT_BUNDLE_IDENTIFIER = josh123.Scrollr;
				PRODUCT_NAME = "$(TARGET_NAME)";
				SWIFT_VERSION = 4.2;
				TARGETED_DEVICE_FAMILY = "1,2";
			};
			name = Release;
		};
		28288DB722025EE70059C8A7 /* Debug */ = {
			isa = XCBuildConfiguration;
			baseConfigurationReference = 3240C48CAD6ACDAE8D078CF7 /* Pods-ScrollrTests.debug.xcconfig */;
			buildSettings = {
				ALWAYS_EMBED_SWIFT_STANDARD_LIBRARIES = YES;
				BUNDLE_LOADER = "$(TEST_HOST)";
				CODE_SIGN_STYLE = Automatic;
				DEVELOPMENT_TEAM = XX8BFQJ7RJ;
				INFOPLIST_FILE = testTests/Info.plist;
				LD_RUNPATH_SEARCH_PATHS = (
					"$(inherited)",
					"@executable_path/Frameworks",
					"@loader_path/Frameworks",
				);
				PRODUCT_BUNDLE_IDENTIFIER = josh.testTests;
				PRODUCT_NAME = "$(TARGET_NAME)";
				SWIFT_VERSION = 4.2;
				TARGETED_DEVICE_FAMILY = "1,2";
				TEST_HOST = "$(BUILT_PRODUCTS_DIR)/Scrollr.app/Scrollr";
			};
			name = Debug;
		};
		28288DB822025EE70059C8A7 /* Release */ = {
			isa = XCBuildConfiguration;
			baseConfigurationReference = AD0B9EABB72C8CF4A7929EB0 /* Pods-ScrollrTests.release.xcconfig */;
			buildSettings = {
				ALWAYS_EMBED_SWIFT_STANDARD_LIBRARIES = YES;
				BUNDLE_LOADER = "$(TEST_HOST)";
				CODE_SIGN_STYLE = Automatic;
				DEVELOPMENT_TEAM = XX8BFQJ7RJ;
				INFOPLIST_FILE = testTests/Info.plist;
				LD_RUNPATH_SEARCH_PATHS = (
					"$(inherited)",
					"@executable_path/Frameworks",
					"@loader_path/Frameworks",
				);
				PRODUCT_BUNDLE_IDENTIFIER = josh.testTests;
				PRODUCT_NAME = "$(TARGET_NAME)";
				SWIFT_VERSION = 4.2;
				TARGETED_DEVICE_FAMILY = "1,2";
				TEST_HOST = "$(BUILT_PRODUCTS_DIR)/Scrollr.app/Scrollr";
			};
			name = Release;
		};
		28288DBA22025EE70059C8A7 /* Debug */ = {
			isa = XCBuildConfiguration;
			baseConfigurationReference = CAD558AEA8A94C07CDD5D5C8 /* Pods-ScrollrUITests.debug.xcconfig */;
			buildSettings = {
				ALWAYS_EMBED_SWIFT_STANDARD_LIBRARIES = YES;
				CODE_SIGN_STYLE = Automatic;
				DEVELOPMENT_TEAM = XX8BFQJ7RJ;
				INFOPLIST_FILE = testUITests/Info.plist;
				LD_RUNPATH_SEARCH_PATHS = (
					"$(inherited)",
					"@executable_path/Frameworks",
					"@loader_path/Frameworks",
				);
				PRODUCT_BUNDLE_IDENTIFIER = josh.testUITests;
				PRODUCT_NAME = "$(TARGET_NAME)";
				SWIFT_VERSION = 4.2;
				TARGETED_DEVICE_FAMILY = "1,2";
				TEST_TARGET_NAME = test;
			};
			name = Debug;
		};
		28288DBB22025EE70059C8A7 /* Release */ = {
			isa = XCBuildConfiguration;
			baseConfigurationReference = 4F5DF3FD75646B43125273BD /* Pods-ScrollrUITests.release.xcconfig */;
			buildSettings = {
				ALWAYS_EMBED_SWIFT_STANDARD_LIBRARIES = YES;
				CODE_SIGN_STYLE = Automatic;
				DEVELOPMENT_TEAM = XX8BFQJ7RJ;
				INFOPLIST_FILE = testUITests/Info.plist;
				LD_RUNPATH_SEARCH_PATHS = (
					"$(inherited)",
					"@executable_path/Frameworks",
					"@loader_path/Frameworks",
				);
				PRODUCT_BUNDLE_IDENTIFIER = josh.testUITests;
				PRODUCT_NAME = "$(TARGET_NAME)";
				SWIFT_VERSION = 4.2;
				TARGETED_DEVICE_FAMILY = "1,2";
				TEST_TARGET_NAME = test;
			};
			name = Release;
		};
/* End XCBuildConfiguration section */

/* Begin XCConfigurationList section */
		28288D8622025EE60059C8A7 /* Build configuration list for PBXProject "Scrollr" */ = {
			isa = XCConfigurationList;
			buildConfigurations = (
				28288DB122025EE70059C8A7 /* Debug */,
				28288DB222025EE70059C8A7 /* Release */,
			);
			defaultConfigurationIsVisible = 0;
			defaultConfigurationName = Release;
		};
		28288DB322025EE70059C8A7 /* Build configuration list for PBXNativeTarget "Scrollr" */ = {
			isa = XCConfigurationList;
			buildConfigurations = (
				28288DB422025EE70059C8A7 /* Debug */,
				28288DB522025EE70059C8A7 /* Release */,
			);
			defaultConfigurationIsVisible = 0;
			defaultConfigurationName = Release;
		};
		28288DB622025EE70059C8A7 /* Build configuration list for PBXNativeTarget "ScrollrTests" */ = {
			isa = XCConfigurationList;
			buildConfigurations = (
				28288DB722025EE70059C8A7 /* Debug */,
				28288DB822025EE70059C8A7 /* Release */,
			);
			defaultConfigurationIsVisible = 0;
			defaultConfigurationName = Release;
		};
		28288DB922025EE70059C8A7 /* Build configuration list for PBXNativeTarget "ScrollrUITests" */ = {
			isa = XCConfigurationList;
			buildConfigurations = (
				28288DBA22025EE70059C8A7 /* Debug */,
				28288DBB22025EE70059C8A7 /* Release */,
			);
			defaultConfigurationIsVisible = 0;
			defaultConfigurationName = Release;
		};
/* End XCConfigurationList section */
	};
	rootObject = 28288D8322025EE60059C8A7 /* Project object */;
}
