// !$*UTF8*$!
{
	archiveVersion = 1;
	classes = {
	};
	objectVersion = 50;
	objects = {

/* Begin PBXBuildFile section */
		1B23CCF398A7AFA68D83D48E /* Pods_test.framework in Frameworks */ = {isa = PBXBuildFile; fileRef = 9F876E7E31D0E048AE644BE9 /* Pods_test.framework */; };
		28288D8F22025EE60059C8A7 /* AppDelegate.swift in Sources */ = {isa = PBXBuildFile; fileRef = 28288D8E22025EE60059C8A7 /* AppDelegate.swift */; };
		28288D9422025EE60059C8A7 /* Main.storyboard in Resources */ = {isa = PBXBuildFile; fileRef = 28288D9222025EE60059C8A7 /* Main.storyboard */; };
		28288D9622025EE70059C8A7 /* Assets.xcassets in Resources */ = {isa = PBXBuildFile; fileRef = 28288D9522025EE70059C8A7 /* Assets.xcassets */; };
		28288D9922025EE70059C8A7 /* LaunchScreen.storyboard in Resources */ = {isa = PBXBuildFile; fileRef = 28288D9722025EE70059C8A7 /* LaunchScreen.storyboard */; };
		28288DA422025EE70059C8A7 /* testTests.swift in Sources */ = {isa = PBXBuildFile; fileRef = 28288DA322025EE70059C8A7 /* testTests.swift */; };
		28288DAF22025EE70059C8A7 /* testUITests.swift in Sources */ = {isa = PBXBuildFile; fileRef = 28288DAE22025EE70059C8A7 /* testUITests.swift */; };
		28288DBD22025F320059C8A7 /* PageViewController.swift in Sources */ = {isa = PBXBuildFile; fileRef = 28288DBC22025F320059C8A7 /* PageViewController.swift */; };
		28288DC5220260EF0059C8A7 /* ViewController.swift in Sources */ = {isa = PBXBuildFile; fileRef = 28288DC4220260EF0059C8A7 /* ViewController.swift */; };
		28288DCB22028E070059C8A7 /* AccessPhotoViewController.swift in Sources */ = {isa = PBXBuildFile; fileRef = 28288DCA22028E070059C8A7 /* AccessPhotoViewController.swift */; };
		520470232203A008000A1EA6 /* GoogleService-Info.plist in Resources */ = {isa = PBXBuildFile; fileRef = 520470222203A008000A1EA6 /* GoogleService-Info.plist */; };
		520470252203D79C000A1EA6 /* RetrieveVideosViewController.swift in Sources */ = {isa = PBXBuildFile; fileRef = 520470242203D79C000A1EA6 /* RetrieveVideosViewController.swift */; };
		5204703E2203ECF2000A1EA6 /* 7.mp4 in Resources */ = {isa = PBXBuildFile; fileRef = 520470372203ECF2000A1EA6 /* 7.mp4 */; };
		5204703F2203ECF2000A1EA6 /* 6.mp4 in Resources */ = {isa = PBXBuildFile; fileRef = 520470382203ECF2000A1EA6 /* 6.mp4 */; };
		520470402203ECF2000A1EA6 /* 4.mp4 in Resources */ = {isa = PBXBuildFile; fileRef = 520470392203ECF2000A1EA6 /* 4.mp4 */; };
		520470412203ECF2000A1EA6 /* 5.mp4 in Resources */ = {isa = PBXBuildFile; fileRef = 5204703A2203ECF2000A1EA6 /* 5.mp4 */; };
		520470422203ECF2000A1EA6 /* 1.mp4 in Resources */ = {isa = PBXBuildFile; fileRef = 5204703B2203ECF2000A1EA6 /* 1.mp4 */; };
		520470432203ECF2000A1EA6 /* 2.mp4 in Resources */ = {isa = PBXBuildFile; fileRef = 5204703C2203ECF2000A1EA6 /* 2.mp4 */; };
		520470442203ECF2000A1EA6 /* 3.mp4 in Resources */ = {isa = PBXBuildFile; fileRef = 5204703D2203ECF2000A1EA6 /* 3.mp4 */; };
		BE4DCEDB0661BDBEE41CC625 /* Pods_testTests.framework in Frameworks */ = {isa = PBXBuildFile; fileRef = E504C3431256CCF98751993B /* Pods_testTests.framework */; };
		D5E864009CF304BBBC5466CD /* Pods_testUITests.framework in Frameworks */ = {isa = PBXBuildFile; fileRef = F5187DBA1DCFC19CD72013BB /* Pods_testUITests.framework */; };
/* End PBXBuildFile section */

/* Begin PBXContainerItemProxy section */
		28288DA022025EE70059C8A7 /* PBXContainerItemProxy */ = {
			isa = PBXContainerItemProxy;
			containerPortal = 28288D8322025EE60059C8A7 /* Project object */;
			proxyType = 1;
			remoteGlobalIDString = 28288D8A22025EE60059C8A7;
			remoteInfo = test;
		};
		28288DAB22025EE70059C8A7 /* PBXContainerItemProxy */ = {
			isa = PBXContainerItemProxy;
			containerPortal = 28288D8322025EE60059C8A7 /* Project object */;
			proxyType = 1;
			remoteGlobalIDString = 28288D8A22025EE60059C8A7;
			remoteInfo = test;
		};
/* End PBXContainerItemProxy section */

/* Begin PBXFileReference section */
		28288D8B22025EE60059C8A7 /* test.app */ = {isa = PBXFileReference; explicitFileType = wrapper.application; includeInIndex = 0; path = test.app; sourceTree = BUILT_PRODUCTS_DIR; };
		28288D8E22025EE60059C8A7 /* AppDelegate.swift */ = {isa = PBXFileReference; lastKnownFileType = sourcecode.swift; path = AppDelegate.swift; sourceTree = "<group>"; };
		28288D9322025EE60059C8A7 /* Base */ = {isa = PBXFileReference; lastKnownFileType = file.storyboard; name = Base; path = Base.lproj/Main.storyboard; sourceTree = "<group>"; };
		28288D9522025EE70059C8A7 /* Assets.xcassets */ = {isa = PBXFileReference; lastKnownFileType = folder.assetcatalog; path = Assets.xcassets; sourceTree = "<group>"; };
		28288D9822025EE70059C8A7 /* Base */ = {isa = PBXFileReference; lastKnownFileType = file.storyboard; name = Base; path = Base.lproj/LaunchScreen.storyboard; sourceTree = "<group>"; };
		28288D9A22025EE70059C8A7 /* Info.plist */ = {isa = PBXFileReference; lastKnownFileType = text.plist.xml; path = Info.plist; sourceTree = "<group>"; };
		28288D9F22025EE70059C8A7 /* testTests.xctest */ = {isa = PBXFileReference; explicitFileType = wrapper.cfbundle; includeInIndex = 0; path = testTests.xctest; sourceTree = BUILT_PRODUCTS_DIR; };
		28288DA322025EE70059C8A7 /* testTests.swift */ = {isa = PBXFileReference; lastKnownFileType = sourcecode.swift; path = testTests.swift; sourceTree = "<group>"; };
		28288DA522025EE70059C8A7 /* Info.plist */ = {isa = PBXFileReference; lastKnownFileType = text.plist.xml; path = Info.plist; sourceTree = "<group>"; };
		28288DAA22025EE70059C8A7 /* testUITests.xctest */ = {isa = PBXFileReference; explicitFileType = wrapper.cfbundle; includeInIndex = 0; path = testUITests.xctest; sourceTree = BUILT_PRODUCTS_DIR; };
		28288DAE22025EE70059C8A7 /* testUITests.swift */ = {isa = PBXFileReference; lastKnownFileType = sourcecode.swift; path = testUITests.swift; sourceTree = "<group>"; };
		28288DB022025EE70059C8A7 /* Info.plist */ = {isa = PBXFileReference; lastKnownFileType = text.plist.xml; path = Info.plist; sourceTree = "<group>"; };
		28288DBC22025F320059C8A7 /* PageViewController.swift */ = {isa = PBXFileReference; lastKnownFileType = sourcecode.swift; path = PageViewController.swift; sourceTree = "<group>"; };
		28288DC4220260EF0059C8A7 /* ViewController.swift */ = {isa = PBXFileReference; lastKnownFileType = sourcecode.swift; path = ViewController.swift; sourceTree = "<group>"; };
		28288DCA22028E070059C8A7 /* AccessPhotoViewController.swift */ = {isa = PBXFileReference; lastKnownFileType = sourcecode.swift; path = AccessPhotoViewController.swift; sourceTree = "<group>"; };
		3FA320BD28E2718EF9F07D56 /* Pods-testUITests.debug.xcconfig */ = {isa = PBXFileReference; includeInIndex = 1; lastKnownFileType = text.xcconfig; name = "Pods-testUITests.debug.xcconfig"; path = "Pods/Target Support Files/Pods-testUITests/Pods-testUITests.debug.xcconfig"; sourceTree = "<group>"; };
		51CE92EAF59601439E132FA8 /* Pods-test.debug.xcconfig */ = {isa = PBXFileReference; includeInIndex = 1; lastKnownFileType = text.xcconfig; name = "Pods-test.debug.xcconfig"; path = "Pods/Target Support Files/Pods-test/Pods-test.debug.xcconfig"; sourceTree = "<group>"; };
		520470222203A008000A1EA6 /* GoogleService-Info.plist */ = {isa = PBXFileReference; fileEncoding = 4; lastKnownFileType = text.plist.xml; path = "GoogleService-Info.plist"; sourceTree = "<group>"; };
		520470242203D79C000A1EA6 /* RetrieveVideosViewController.swift */ = {isa = PBXFileReference; lastKnownFileType = sourcecode.swift; path = RetrieveVideosViewController.swift; sourceTree = "<group>"; };
		520470372203ECF2000A1EA6 /* 7.mp4 */ = {isa = PBXFileReference; lastKnownFileType = file; path = 7.mp4; sourceTree = "<group>"; };
		520470382203ECF2000A1EA6 /* 6.mp4 */ = {isa = PBXFileReference; lastKnownFileType = file; path = 6.mp4; sourceTree = "<group>"; };
		520470392203ECF2000A1EA6 /* 4.mp4 */ = {isa = PBXFileReference; lastKnownFileType = file; path = 4.mp4; sourceTree = "<group>"; };
		5204703A2203ECF2000A1EA6 /* 5.mp4 */ = {isa = PBXFileReference; lastKnownFileType = file; path = 5.mp4; sourceTree = "<group>"; };
		5204703B2203ECF2000A1EA6 /* 1.mp4 */ = {isa = PBXFileReference; lastKnownFileType = file; path = 1.mp4; sourceTree = "<group>"; };
		5204703C2203ECF2000A1EA6 /* 2.mp4 */ = {isa = PBXFileReference; lastKnownFileType = file; path = 2.mp4; sourceTree = "<group>"; };
		5204703D2203ECF2000A1EA6 /* 3.mp4 */ = {isa = PBXFileReference; lastKnownFileType = file; path = 3.mp4; sourceTree = "<group>"; };
		7E3CFC8373DB1EEABB3A638B /* Pods-testTests.debug.xcconfig */ = {isa = PBXFileReference; includeInIndex = 1; lastKnownFileType = text.xcconfig; name = "Pods-testTests.debug.xcconfig"; path = "Pods/Target Support Files/Pods-testTests/Pods-testTests.debug.xcconfig"; sourceTree = "<group>"; };
		885A473F8C74B1D5F96843F0 /* Pods-test.release.xcconfig */ = {isa = PBXFileReference; includeInIndex = 1; lastKnownFileType = text.xcconfig; name = "Pods-test.release.xcconfig"; path = "Pods/Target Support Files/Pods-test/Pods-test.release.xcconfig"; sourceTree = "<group>"; };
		937CF436C5FE742E1FA6ADFB /* Pods-testTests.release.xcconfig */ = {isa = PBXFileReference; includeInIndex = 1; lastKnownFileType = text.xcconfig; name = "Pods-testTests.release.xcconfig"; path = "Pods/Target Support Files/Pods-testTests/Pods-testTests.release.xcconfig"; sourceTree = "<group>"; };
		9F876E7E31D0E048AE644BE9 /* Pods_test.framework */ = {isa = PBXFileReference; explicitFileType = wrapper.framework; includeInIndex = 0; path = Pods_test.framework; sourceTree = BUILT_PRODUCTS_DIR; };
		A70C653FDC41230A4C67788D /* Pods-testUITests.release.xcconfig */ = {isa = PBXFileReference; includeInIndex = 1; lastKnownFileType = text.xcconfig; name = "Pods-testUITests.release.xcconfig"; path = "Pods/Target Support Files/Pods-testUITests/Pods-testUITests.release.xcconfig"; sourceTree = "<group>"; };
		E504C3431256CCF98751993B /* Pods_testTests.framework */ = {isa = PBXFileReference; explicitFileType = wrapper.framework; includeInIndex = 0; path = Pods_testTests.framework; sourceTree = BUILT_PRODUCTS_DIR; };
		F5187DBA1DCFC19CD72013BB /* Pods_testUITests.framework */ = {isa = PBXFileReference; explicitFileType = wrapper.framework; includeInIndex = 0; path = Pods_testUITests.framework; sourceTree = BUILT_PRODUCTS_DIR; };
/* End PBXFileReference section */

/* Begin PBXFrameworksBuildPhase section */
		28288D8822025EE60059C8A7 /* Frameworks */ = {
			isa = PBXFrameworksBuildPhase;
			buildActionMask = 2147483647;
			files = (
				1B23CCF398A7AFA68D83D48E /* Pods_test.framework in Frameworks */,
			);
			runOnlyForDeploymentPostprocessing = 0;
		};
		28288D9C22025EE70059C8A7 /* Frameworks */ = {
			isa = PBXFrameworksBuildPhase;
			buildActionMask = 2147483647;
			files = (
				BE4DCEDB0661BDBEE41CC625 /* Pods_testTests.framework in Frameworks */,
			);
			runOnlyForDeploymentPostprocessing = 0;
		};
		28288DA722025EE70059C8A7 /* Frameworks */ = {
			isa = PBXFrameworksBuildPhase;
			buildActionMask = 2147483647;
			files = (
				D5E864009CF304BBBC5466CD /* Pods_testUITests.framework in Frameworks */,
			);
			runOnlyForDeploymentPostprocessing = 0;
		};
/* End PBXFrameworksBuildPhase section */

/* Begin PBXGroup section */
		28288D8222025EE60059C8A7 = {
			isa = PBXGroup;
			children = (
				520470362203ECF2000A1EA6 /* randomVideo */,
				28288D8D22025EE60059C8A7 /* test */,
				28288DA222025EE70059C8A7 /* testTests */,
				28288DAD22025EE70059C8A7 /* testUITests */,
				28288D8C22025EE60059C8A7 /* Products */,
				F50ADFBB2EC51AB10FF49126 /* Pods */,
				A6436C34853944173FAF3613 /* Frameworks */,
			);
			sourceTree = "<group>";
		};
		28288D8C22025EE60059C8A7 /* Products */ = {
			isa = PBXGroup;
			children = (
				28288D8B22025EE60059C8A7 /* test.app */,
				28288D9F22025EE70059C8A7 /* testTests.xctest */,
				28288DAA22025EE70059C8A7 /* testUITests.xctest */,
			);
			name = Products;
			sourceTree = "<group>";
		};
		28288D8D22025EE60059C8A7 /* test */ = {
			isa = PBXGroup;
			children = (
				28288D8E22025EE60059C8A7 /* AppDelegate.swift */,
				28288D9222025EE60059C8A7 /* Main.storyboard */,
				28288DBC22025F320059C8A7 /* PageViewController.swift */,
				28288DC4220260EF0059C8A7 /* ViewController.swift */,
				28288DCA22028E070059C8A7 /* AccessPhotoViewController.swift */,
				520470242203D79C000A1EA6 /* RetrieveVideosViewController.swift */,
				28288D9522025EE70059C8A7 /* Assets.xcassets */,
				520470222203A008000A1EA6 /* GoogleService-Info.plist */,
				28288D9722025EE70059C8A7 /* LaunchScreen.storyboard */,
				28288D9A22025EE70059C8A7 /* Info.plist */,
			);
			path = test;
			sourceTree = "<group>";
		};
		28288DA222025EE70059C8A7 /* testTests */ = {
			isa = PBXGroup;
			children = (
				28288DA322025EE70059C8A7 /* testTests.swift */,
				28288DA522025EE70059C8A7 /* Info.plist */,
			);
			path = testTests;
			sourceTree = "<group>";
		};
		28288DAD22025EE70059C8A7 /* testUITests */ = {
			isa = PBXGroup;
			children = (
				28288DAE22025EE70059C8A7 /* testUITests.swift */,
				28288DB022025EE70059C8A7 /* Info.plist */,
			);
			path = testUITests;
			sourceTree = "<group>";
		};
		520470362203ECF2000A1EA6 /* randomVideo */ = {
			isa = PBXGroup;
			children = (
				520470372203ECF2000A1EA6 /* 7.mp4 */,
				520470382203ECF2000A1EA6 /* 6.mp4 */,
				520470392203ECF2000A1EA6 /* 4.mp4 */,
				5204703A2203ECF2000A1EA6 /* 5.mp4 */,
				5204703B2203ECF2000A1EA6 /* 1.mp4 */,
				5204703C2203ECF2000A1EA6 /* 2.mp4 */,
				5204703D2203ECF2000A1EA6 /* 3.mp4 */,
			);
			path = randomVideo;
			sourceTree = "<group>";
		};
		A6436C34853944173FAF3613 /* Frameworks */ = {
			isa = PBXGroup;
			children = (
				9F876E7E31D0E048AE644BE9 /* Pods_test.framework */,
				E504C3431256CCF98751993B /* Pods_testTests.framework */,
				F5187DBA1DCFC19CD72013BB /* Pods_testUITests.framework */,
			);
			name = Frameworks;
			sourceTree = "<group>";
		};
		F50ADFBB2EC51AB10FF49126 /* Pods */ = {
			isa = PBXGroup;
			children = (
				51CE92EAF59601439E132FA8 /* Pods-test.debug.xcconfig */,
				885A473F8C74B1D5F96843F0 /* Pods-test.release.xcconfig */,
				7E3CFC8373DB1EEABB3A638B /* Pods-testTests.debug.xcconfig */,
				937CF436C5FE742E1FA6ADFB /* Pods-testTests.release.xcconfig */,
				3FA320BD28E2718EF9F07D56 /* Pods-testUITests.debug.xcconfig */,
				A70C653FDC41230A4C67788D /* Pods-testUITests.release.xcconfig */,
			);
			name = Pods;
			sourceTree = "<group>";
		};
/* End PBXGroup section */

/* Begin PBXNativeTarget section */
		28288D8A22025EE60059C8A7 /* test */ = {
			isa = PBXNativeTarget;
			buildConfigurationList = 28288DB322025EE70059C8A7 /* Build configuration list for PBXNativeTarget "test" */;
			buildPhases = (
				7E4BA3A9BDC80874E0F98227 /* [CP] Check Pods Manifest.lock */,
				28288D8722025EE60059C8A7 /* Sources */,
				28288D8822025EE60059C8A7 /* Frameworks */,
				28288D8922025EE60059C8A7 /* Resources */,
				7C173C1EDD31C2360529DD6F /* [CP] Embed Pods Frameworks */,
			);
			buildRules = (
			);
			dependencies = (
			);
			name = test;
			productName = test;
			productReference = 28288D8B22025EE60059C8A7 /* test.app */;
			productType = "com.apple.product-type.application";
		};
		28288D9E22025EE70059C8A7 /* testTests */ = {
			isa = PBXNativeTarget;
			buildConfigurationList = 28288DB622025EE70059C8A7 /* Build configuration list for PBXNativeTarget "testTests" */;
			buildPhases = (
				AA0A7D416800192718F13F74 /* [CP] Check Pods Manifest.lock */,
				28288D9B22025EE70059C8A7 /* Sources */,
				28288D9C22025EE70059C8A7 /* Frameworks */,
				28288D9D22025EE70059C8A7 /* Resources */,
			);
			buildRules = (
			);
			dependencies = (
				28288DA122025EE70059C8A7 /* PBXTargetDependency */,
			);
			name = testTests;
			productName = testTests;
			productReference = 28288D9F22025EE70059C8A7 /* testTests.xctest */;
			productType = "com.apple.product-type.bundle.unit-test";
		};
		28288DA922025EE70059C8A7 /* testUITests */ = {
			isa = PBXNativeTarget;
			buildConfigurationList = 28288DB922025EE70059C8A7 /* Build configuration list for PBXNativeTarget "testUITests" */;
			buildPhases = (
				E5808B6F98F88E31E4BB23D1 /* [CP] Check Pods Manifest.lock */,
				28288DA622025EE70059C8A7 /* Sources */,
				28288DA722025EE70059C8A7 /* Frameworks */,
				28288DA822025EE70059C8A7 /* Resources */,
			);
			buildRules = (
			);
			dependencies = (
				28288DAC22025EE70059C8A7 /* PBXTargetDependency */,
			);
			name = testUITests;
			productName = testUITests;
			productReference = 28288DAA22025EE70059C8A7 /* testUITests.xctest */;
			productType = "com.apple.product-type.bundle.ui-testing";
		};
/* End PBXNativeTarget section */

/* Begin PBXProject section */
		28288D8322025EE60059C8A7 /* Project object */ = {
			isa = PBXProject;
			attributes = {
				LastSwiftUpdateCheck = 1010;
				LastUpgradeCheck = 1010;
				ORGANIZATIONNAME = "Joshua Fang";
				TargetAttributes = {
					28288D8A22025EE60059C8A7 = {
						CreatedOnToolsVersion = 10.1;
						LastSwiftMigration = 1010;
					};
					28288D9E22025EE70059C8A7 = {
						CreatedOnToolsVersion = 10.1;
						TestTargetID = 28288D8A22025EE60059C8A7;
					};
					28288DA922025EE70059C8A7 = {
						CreatedOnToolsVersion = 10.1;
						TestTargetID = 28288D8A22025EE60059C8A7;
					};
				};
			};
			buildConfigurationList = 28288D8622025EE60059C8A7 /* Build configuration list for PBXProject "test" */;
			compatibilityVersion = "Xcode 9.3";
			developmentRegion = en;
			hasScannedForEncodings = 0;
			knownRegions = (
				en,
				Base,
			);
			mainGroup = 28288D8222025EE60059C8A7;
			productRefGroup = 28288D8C22025EE60059C8A7 /* Products */;
			projectDirPath = "";
			projectRoot = "";
			targets = (
				28288D8A22025EE60059C8A7 /* test */,
				28288D9E22025EE70059C8A7 /* testTests */,
				28288DA922025EE70059C8A7 /* testUITests */,
			);
		};
/* End PBXProject section */

/* Begin PBXResourcesBuildPhase section */
		28288D8922025EE60059C8A7 /* Resources */ = {
			isa = PBXResourcesBuildPhase;
			buildActionMask = 2147483647;
			files = (
				520470442203ECF2000A1EA6 /* 3.mp4 in Resources */,
				520470432203ECF2000A1EA6 /* 2.mp4 in Resources */,
				5204703F2203ECF2000A1EA6 /* 6.mp4 in Resources */,
				520470412203ECF2000A1EA6 /* 5.mp4 in Resources */,
				5204703E2203ECF2000A1EA6 /* 7.mp4 in Resources */,
				520470402203ECF2000A1EA6 /* 4.mp4 in Resources */,
				28288D9922025EE70059C8A7 /* LaunchScreen.storyboard in Resources */,
				28288D9622025EE70059C8A7 /* Assets.xcassets in Resources */,
				520470422203ECF2000A1EA6 /* 1.mp4 in Resources */,
				28288D9422025EE60059C8A7 /* Main.storyboard in Resources */,
				520470232203A008000A1EA6 /* GoogleService-Info.plist in Resources */,
			);
			runOnlyForDeploymentPostprocessing = 0;
		};
		28288D9D22025EE70059C8A7 /* Resources */ = {
			isa = PBXResourcesBuildPhase;
			buildActionMask = 2147483647;
			files = (
			);
			runOnlyForDeploymentPostprocessing = 0;
		};
		28288DA822025EE70059C8A7 /* Resources */ = {
			isa = PBXResourcesBuildPhase;
			buildActionMask = 2147483647;
			files = (
			);
			runOnlyForDeploymentPostprocessing = 0;
		};
/* End PBXResourcesBuildPhase section */

/* Begin PBXShellScriptBuildPhase section */
		7C173C1EDD31C2360529DD6F /* [CP] Embed Pods Frameworks */ = {
			isa = PBXShellScriptBuildPhase;
			buildActionMask = 2147483647;
			files = (
			);
			inputFileListPaths = (
			);
			inputPaths = (
				"${SRCROOT}/Pods/Target Support Files/Pods-test/Pods-test-frameworks.sh",
				"${BUILT_PRODUCTS_DIR}/BoringSSL-GRPC/openssl_grpc.framework",
				"${BUILT_PRODUCTS_DIR}/GTMSessionFetcher/GTMSessionFetcher.framework",
				"${BUILT_PRODUCTS_DIR}/GoogleUtilities/GoogleUtilities.framework",
				"${BUILT_PRODUCTS_DIR}/Protobuf/Protobuf.framework",
				"${BUILT_PRODUCTS_DIR}/gRPC-C++/grpcpp.framework",
				"${BUILT_PRODUCTS_DIR}/gRPC-Core/grpc.framework",
				"${BUILT_PRODUCTS_DIR}/leveldb-library/leveldb.framework",
				"${BUILT_PRODUCTS_DIR}/nanopb/nanopb.framework",
			);
			name = "[CP] Embed Pods Frameworks";
			outputFileListPaths = (
			);
			outputPaths = (
				"${TARGET_BUILD_DIR}/${FRAMEWORKS_FOLDER_PATH}/openssl_grpc.framework",
				"${TARGET_BUILD_DIR}/${FRAMEWORKS_FOLDER_PATH}/GTMSessionFetcher.framework",
				"${TARGET_BUILD_DIR}/${FRAMEWORKS_FOLDER_PATH}/GoogleUtilities.framework",
				"${TARGET_BUILD_DIR}/${FRAMEWORKS_FOLDER_PATH}/Protobuf.framework",
				"${TARGET_BUILD_DIR}/${FRAMEWORKS_FOLDER_PATH}/grpcpp.framework",
				"${TARGET_BUILD_DIR}/${FRAMEWORKS_FOLDER_PATH}/grpc.framework",
				"${TARGET_BUILD_DIR}/${FRAMEWORKS_FOLDER_PATH}/leveldb.framework",
				"${TARGET_BUILD_DIR}/${FRAMEWORKS_FOLDER_PATH}/nanopb.framework",
			);
			runOnlyForDeploymentPostprocessing = 0;
			shellPath = /bin/sh;
			shellScript = "\"${SRCROOT}/Pods/Target Support Files/Pods-test/Pods-test-frameworks.sh\"\n";
			showEnvVarsInLog = 0;
		};
		7E4BA3A9BDC80874E0F98227 /* [CP] Check Pods Manifest.lock */ = {
			isa = PBXShellScriptBuildPhase;
			buildActionMask = 2147483647;
			files = (
			);
			inputFileListPaths = (
			);
			inputPaths = (
				"${PODS_PODFILE_DIR_PATH}/Podfile.lock",
				"${PODS_ROOT}/Manifest.lock",
			);
			name = "[CP] Check Pods Manifest.lock";
			outputFileListPaths = (
			);
			outputPaths = (
				"$(DERIVED_FILE_DIR)/Pods-test-checkManifestLockResult.txt",
			);
			runOnlyForDeploymentPostprocessing = 0;
			shellPath = /bin/sh;
			shellScript = "diff \"${PODS_PODFILE_DIR_PATH}/Podfile.lock\" \"${PODS_ROOT}/Manifest.lock\" > /dev/null\nif [ $? != 0 ] ; then\n    # print error to STDERR\n    echo \"error: The sandbox is not in sync with the Podfile.lock. Run 'pod install' or update your CocoaPods installation.\" >&2\n    exit 1\nfi\n# This output is used by Xcode 'outputs' to avoid re-running this script phase.\necho \"SUCCESS\" > \"${SCRIPT_OUTPUT_FILE_0}\"\n";
			showEnvVarsInLog = 0;
		};
		AA0A7D416800192718F13F74 /* [CP] Check Pods Manifest.lock */ = {
			isa = PBXShellScriptBuildPhase;
			buildActionMask = 2147483647;
			files = (
			);
			inputFileListPaths = (
			);
			inputPaths = (
				"${PODS_PODFILE_DIR_PATH}/Podfile.lock",
				"${PODS_ROOT}/Manifest.lock",
			);
			name = "[CP] Check Pods Manifest.lock";
			outputFileListPaths = (
			);
			outputPaths = (
				"$(DERIVED_FILE_DIR)/Pods-testTests-checkManifestLockResult.txt",
			);
			runOnlyForDeploymentPostprocessing = 0;
			shellPath = /bin/sh;
			shellScript = "diff \"${PODS_PODFILE_DIR_PATH}/Podfile.lock\" \"${PODS_ROOT}/Manifest.lock\" > /dev/null\nif [ $? != 0 ] ; then\n    # print error to STDERR\n    echo \"error: The sandbox is not in sync with the Podfile.lock. Run 'pod install' or update your CocoaPods installation.\" >&2\n    exit 1\nfi\n# This output is used by Xcode 'outputs' to avoid re-running this script phase.\necho \"SUCCESS\" > \"${SCRIPT_OUTPUT_FILE_0}\"\n";
			showEnvVarsInLog = 0;
		};
		E5808B6F98F88E31E4BB23D1 /* [CP] Check Pods Manifest.lock */ = {
			isa = PBXShellScriptBuildPhase;
			buildActionMask = 2147483647;
			files = (
			);
			inputFileListPaths = (
			);
			inputPaths = (
				"${PODS_PODFILE_DIR_PATH}/Podfile.lock",
				"${PODS_ROOT}/Manifest.lock",
			);
			name = "[CP] Check Pods Manifest.lock";
			outputFileListPaths = (
			);
			outputPaths = (
				"$(DERIVED_FILE_DIR)/Pods-testUITests-checkManifestLockResult.txt",
			);
			runOnlyForDeploymentPostprocessing = 0;
			shellPath = /bin/sh;
			shellScript = "diff \"${PODS_PODFILE_DIR_PATH}/Podfile.lock\" \"${PODS_ROOT}/Manifest.lock\" > /dev/null\nif [ $? != 0 ] ; then\n    # print error to STDERR\n    echo \"error: The sandbox is not in sync with the Podfile.lock. Run 'pod install' or update your CocoaPods installation.\" >&2\n    exit 1\nfi\n# This output is used by Xcode 'outputs' to avoid re-running this script phase.\necho \"SUCCESS\" > \"${SCRIPT_OUTPUT_FILE_0}\"\n";
			showEnvVarsInLog = 0;
		};
/* End PBXShellScriptBuildPhase section */

/* Begin PBXSourcesBuildPhase section */
		28288D8722025EE60059C8A7 /* Sources */ = {
			isa = PBXSourcesBuildPhase;
			buildActionMask = 2147483647;
			files = (
				520470252203D79C000A1EA6 /* RetrieveVideosViewController.swift in Sources */,
				28288DC5220260EF0059C8A7 /* ViewController.swift in Sources */,
				28288DCB22028E070059C8A7 /* AccessPhotoViewController.swift in Sources */,
				28288DBD22025F320059C8A7 /* PageViewController.swift in Sources */,
				28288D8F22025EE60059C8A7 /* AppDelegate.swift in Sources */,
			);
			runOnlyForDeploymentPostprocessing = 0;
		};
		28288D9B22025EE70059C8A7 /* Sources */ = {
			isa = PBXSourcesBuildPhase;
			buildActionMask = 2147483647;
			files = (
				28288DA422025EE70059C8A7 /* testTests.swift in Sources */,
			);
			runOnlyForDeploymentPostprocessing = 0;
		};
		28288DA622025EE70059C8A7 /* Sources */ = {
			isa = PBXSourcesBuildPhase;
			buildActionMask = 2147483647;
			files = (
				28288DAF22025EE70059C8A7 /* testUITests.swift in Sources */,
			);
			runOnlyForDeploymentPostprocessing = 0;
		};
/* End PBXSourcesBuildPhase section */

/* Begin PBXTargetDependency section */
		28288DA122025EE70059C8A7 /* PBXTargetDependency */ = {
			isa = PBXTargetDependency;
			target = 28288D8A22025EE60059C8A7 /* test */;
			targetProxy = 28288DA022025EE70059C8A7 /* PBXContainerItemProxy */;
		};
		28288DAC22025EE70059C8A7 /* PBXTargetDependency */ = {
			isa = PBXTargetDependency;
			target = 28288D8A22025EE60059C8A7 /* test */;
			targetProxy = 28288DAB22025EE70059C8A7 /* PBXContainerItemProxy */;
		};
/* End PBXTargetDependency section */

/* Begin PBXVariantGroup section */
		28288D9222025EE60059C8A7 /* Main.storyboard */ = {
			isa = PBXVariantGroup;
			children = (
				28288D9322025EE60059C8A7 /* Base */,
			);
			name = Main.storyboard;
			sourceTree = "<group>";
		};
		28288D9722025EE70059C8A7 /* LaunchScreen.storyboard */ = {
			isa = PBXVariantGroup;
			children = (
				28288D9822025EE70059C8A7 /* Base */,
			);
			name = LaunchScreen.storyboard;
			sourceTree = "<group>";
		};
/* End PBXVariantGroup section */

/* Begin XCBuildConfiguration section */
		28288DB122025EE70059C8A7 /* Debug */ = {
			isa = XCBuildConfiguration;
			buildSettings = {
				ALWAYS_SEARCH_USER_PATHS = NO;
				CLANG_ANALYZER_NONNULL = YES;
				CLANG_ANALYZER_NUMBER_OBJECT_CONVERSION = YES_AGGRESSIVE;
				CLANG_CXX_LANGUAGE_STANDARD = "gnu++14";
				CLANG_CXX_LIBRARY = "libc++";
				CLANG_ENABLE_MODULES = YES;
				CLANG_ENABLE_OBJC_ARC = YES;
				CLANG_ENABLE_OBJC_WEAK = YES;
				CLANG_WARN_BLOCK_CAPTURE_AUTORELEASING = YES;
				CLANG_WARN_BOOL_CONVERSION = YES;
				CLANG_WARN_COMMA = YES;
				CLANG_WARN_CONSTANT_CONVERSION = YES;
				CLANG_WARN_DEPRECATED_OBJC_IMPLEMENTATIONS = YES;
				CLANG_WARN_DIRECT_OBJC_ISA_USAGE = YES_ERROR;
				CLANG_WARN_DOCUMENTATION_COMMENTS = YES;
				CLANG_WARN_EMPTY_BODY = YES;
				CLANG_WARN_ENUM_CONVERSION = YES;
				CLANG_WARN_INFINITE_RECURSION = YES;
				CLANG_WARN_INT_CONVERSION = YES;
				CLANG_WARN_NON_LITERAL_NULL_CONVERSION = YES;
				CLANG_WARN_OBJC_IMPLICIT_RETAIN_SELF = YES;
				CLANG_WARN_OBJC_LITERAL_CONVERSION = YES;
				CLANG_WARN_OBJC_ROOT_CLASS = YES_ERROR;
				CLANG_WARN_RANGE_LOOP_ANALYSIS = YES;
				CLANG_WARN_STRICT_PROTOTYPES = YES;
				CLANG_WARN_SUSPICIOUS_MOVE = YES;
				CLANG_WARN_UNGUARDED_AVAILABILITY = YES_AGGRESSIVE;
				CLANG_WARN_UNREACHABLE_CODE = YES;
				CLANG_WARN__DUPLICATE_METHOD_MATCH = YES;
				CODE_SIGN_IDENTITY = "iPhone Developer";
				COPY_PHASE_STRIP = NO;
				DEBUG_INFORMATION_FORMAT = dwarf;
				ENABLE_STRICT_OBJC_MSGSEND = YES;
				ENABLE_TESTABILITY = YES;
				GCC_C_LANGUAGE_STANDARD = gnu11;
				GCC_DYNAMIC_NO_PIC = NO;
				GCC_NO_COMMON_BLOCKS = YES;
				GCC_OPTIMIZATION_LEVEL = 0;
				GCC_PREPROCESSOR_DEFINITIONS = (
					"DEBUG=1",
					"$(inherited)",
				);
				GCC_WARN_64_TO_32_BIT_CONVERSION = YES;
				GCC_WARN_ABOUT_RETURN_TYPE = YES_ERROR;
				GCC_WARN_UNDECLARED_SELECTOR = YES;
				GCC_WARN_UNINITIALIZED_AUTOS = YES_AGGRESSIVE;
				GCC_WARN_UNUSED_FUNCTION = YES;
				GCC_WARN_UNUSED_VARIABLE = YES;
				IPHONEOS_DEPLOYMENT_TARGET = 12.1;
				MTL_ENABLE_DEBUG_INFO = INCLUDE_SOURCE;
				MTL_FAST_MATH = YES;
				ONLY_ACTIVE_ARCH = YES;
				SDKROOT = iphoneos;
				SWIFT_ACTIVE_COMPILATION_CONDITIONS = DEBUG;
				SWIFT_OPTIMIZATION_LEVEL = "-Onone";
			};
			name = Debug;
		};
		28288DB222025EE70059C8A7 /* Release */ = {
			isa = XCBuildConfiguration;
			buildSettings = {
				ALWAYS_SEARCH_USER_PATHS = NO;
				CLANG_ANALYZER_NONNULL = YES;
				CLANG_ANALYZER_NUMBER_OBJECT_CONVERSION = YES_AGGRESSIVE;
				CLANG_CXX_LANGUAGE_STANDARD = "gnu++14";
				CLANG_CXX_LIBRARY = "libc++";
				CLANG_ENABLE_MODULES = YES;
				CLANG_ENABLE_OBJC_ARC = YES;
				CLANG_ENABLE_OBJC_WEAK = YES;
				CLANG_WARN_BLOCK_CAPTURE_AUTORELEASING = YES;
				CLANG_WARN_BOOL_CONVERSION = YES;
				CLANG_WARN_COMMA = YES;
				CLANG_WARN_CONSTANT_CONVERSION = YES;
				CLANG_WARN_DEPRECATED_OBJC_IMPLEMENTATIONS = YES;
				CLANG_WARN_DIRECT_OBJC_ISA_USAGE = YES_ERROR;
				CLANG_WARN_DOCUMENTATION_COMMENTS = YES;
				CLANG_WARN_EMPTY_BODY = YES;
				CLANG_WARN_ENUM_CONVERSION = YES;
				CLANG_WARN_INFINITE_RECURSION = YES;
				CLANG_WARN_INT_CONVERSION = YES;
				CLANG_WARN_NON_LITERAL_NULL_CONVERSION = YES;
				CLANG_WARN_OBJC_IMPLICIT_RETAIN_SELF = YES;
				CLANG_WARN_OBJC_LITERAL_CONVERSION = YES;
				CLANG_WARN_OBJC_ROOT_CLASS = YES_ERROR;
				CLANG_WARN_RANGE_LOOP_ANALYSIS = YES;
				CLANG_WARN_STRICT_PROTOTYPES = YES;
				CLANG_WARN_SUSPICIOUS_MOVE = YES;
				CLANG_WARN_UNGUARDED_AVAILABILITY = YES_AGGRESSIVE;
				CLANG_WARN_UNREACHABLE_CODE = YES;
				CLANG_WARN__DUPLICATE_METHOD_MATCH = YES;
				CODE_SIGN_IDENTITY = "iPhone Developer";
				COPY_PHASE_STRIP = NO;
				DEBUG_INFORMATION_FORMAT = "dwarf-with-dsym";
				ENABLE_NS_ASSERTIONS = NO;
				ENABLE_STRICT_OBJC_MSGSEND = YES;
				GCC_C_LANGUAGE_STANDARD = gnu11;
				GCC_NO_COMMON_BLOCKS = YES;
				GCC_WARN_64_TO_32_BIT_CONVERSION = YES;
				GCC_WARN_ABOUT_RETURN_TYPE = YES_ERROR;
				GCC_WARN_UNDECLARED_SELECTOR = YES;
				GCC_WARN_UNINITIALIZED_AUTOS = YES_AGGRESSIVE;
				GCC_WARN_UNUSED_FUNCTION = YES;
				GCC_WARN_UNUSED_VARIABLE = YES;
				IPHONEOS_DEPLOYMENT_TARGET = 12.1;
				MTL_ENABLE_DEBUG_INFO = NO;
				MTL_FAST_MATH = YES;
				SDKROOT = iphoneos;
				SWIFT_COMPILATION_MODE = wholemodule;
				SWIFT_OPTIMIZATION_LEVEL = "-O";
				VALIDATE_PRODUCT = YES;
			};
			name = Release;
		};
		28288DB422025EE70059C8A7 /* Debug */ = {
			isa = XCBuildConfiguration;
			baseConfigurationReference = 51CE92EAF59601439E132FA8 /* Pods-test.debug.xcconfig */;
			buildSettings = {
				ASSETCATALOG_COMPILER_APPICON_NAME = AppIcon;
				CLANG_ENABLE_MODULES = YES;
				CODE_SIGN_STYLE = Automatic;
				DEVELOPMENT_TEAM = XX8BFQJ7RJ;
				INFOPLIST_FILE = test/Info.plist;
				LD_RUNPATH_SEARCH_PATHS = (
					"$(inherited)",
					"@executable_path/Frameworks",
				);
				PRODUCT_BUNDLE_IDENTIFIER = josh123.test;
				PRODUCT_NAME = "$(TARGET_NAME)";
				SWIFT_OPTIMIZATION_LEVEL = "-Onone";
				SWIFT_VERSION = 4.2;
				TARGETED_DEVICE_FAMILY = "1,2";
			};
			name = Debug;
		};
		28288DB522025EE70059C8A7 /* Release */ = {
			isa = XCBuildConfiguration;
			baseConfigurationReference = 885A473F8C74B1D5F96843F0 /* Pods-test.release.xcconfig */;
			buildSettings = {
				ASSETCATALOG_COMPILER_APPICON_NAME = AppIcon;
				CLANG_ENABLE_MODULES = YES;
				CODE_SIGN_STYLE = Automatic;
				DEVELOPMENT_TEAM = XX8BFQJ7RJ;
				INFOPLIST_FILE = test/Info.plist;
				LD_RUNPATH_SEARCH_PATHS = (
					"$(inherited)",
					"@executable_path/Frameworks",
				);
				PRODUCT_BUNDLE_IDENTIFIER = josh123.test;
				PRODUCT_NAME = "$(TARGET_NAME)";
				SWIFT_VERSION = 4.2;
				TARGETED_DEVICE_FAMILY = "1,2";
			};
			name = Release;
		};
		28288DB722025EE70059C8A7 /* Debug */ = {
			isa = XCBuildConfiguration;
			baseConfigurationReference = 7E3CFC8373DB1EEABB3A638B /* Pods-testTests.debug.xcconfig */;
			buildSettings = {
				ALWAYS_EMBED_SWIFT_STANDARD_LIBRARIES = YES;
				BUNDLE_LOADER = "$(TEST_HOST)";
				CODE_SIGN_STYLE = Automatic;
				DEVELOPMENT_TEAM = XX8BFQJ7RJ;
				INFOPLIST_FILE = testTests/Info.plist;
				LD_RUNPATH_SEARCH_PATHS = (
					"$(inherited)",
					"@executable_path/Frameworks",
					"@loader_path/Frameworks",
				);
				PRODUCT_BUNDLE_IDENTIFIER = josh.testTests;
				PRODUCT_NAME = "$(TARGET_NAME)";
				SWIFT_VERSION = 4.2;
				TARGETED_DEVICE_FAMILY = "1,2";
				TEST_HOST = "$(BUILT_PRODUCTS_DIR)/test.app/test";
			};
			name = Debug;
		};
		28288DB822025EE70059C8A7 /* Release */ = {
			isa = XCBuildConfiguration;
			baseConfigurationReference = 937CF436C5FE742E1FA6ADFB /* Pods-testTests.release.xcconfig */;
			buildSettings = {
				ALWAYS_EMBED_SWIFT_STANDARD_LIBRARIES = YES;
				BUNDLE_LOADER = "$(TEST_HOST)";
				CODE_SIGN_STYLE = Automatic;
				DEVELOPMENT_TEAM = XX8BFQJ7RJ;
				INFOPLIST_FILE = testTests/Info.plist;
				LD_RUNPATH_SEARCH_PATHS = (
					"$(inherited)",
					"@executable_path/Frameworks",
					"@loader_path/Frameworks",
				);
				PRODUCT_BUNDLE_IDENTIFIER = josh.testTests;
				PRODUCT_NAME = "$(TARGET_NAME)";
				SWIFT_VERSION = 4.2;
				TARGETED_DEVICE_FAMILY = "1,2";
				TEST_HOST = "$(BUILT_PRODUCTS_DIR)/test.app/test";
			};
			name = Release;
		};
		28288DBA22025EE70059C8A7 /* Debug */ = {
			isa = XCBuildConfiguration;
			baseConfigurationReference = 3FA320BD28E2718EF9F07D56 /* Pods-testUITests.debug.xcconfig */;
			buildSettings = {
				ALWAYS_EMBED_SWIFT_STANDARD_LIBRARIES = YES;
				CODE_SIGN_STYLE = Automatic;
				DEVELOPMENT_TEAM = XX8BFQJ7RJ;
				INFOPLIST_FILE = testUITests/Info.plist;
				LD_RUNPATH_SEARCH_PATHS = (
					"$(inherited)",
					"@executable_path/Frameworks",
					"@loader_path/Frameworks",
				);
				PRODUCT_BUNDLE_IDENTIFIER = josh.testUITests;
				PRODUCT_NAME = "$(TARGET_NAME)";
				SWIFT_VERSION = 4.2;
				TARGETED_DEVICE_FAMILY = "1,2";
				TEST_TARGET_NAME = test;
			};
			name = Debug;
		};
		28288DBB22025EE70059C8A7 /* Release */ = {
			isa = XCBuildConfiguration;
			baseConfigurationReference = A70C653FDC41230A4C67788D /* Pods-testUITests.release.xcconfig */;
			buildSettings = {
				ALWAYS_EMBED_SWIFT_STANDARD_LIBRARIES = YES;
				CODE_SIGN_STYLE = Automatic;
				DEVELOPMENT_TEAM = XX8BFQJ7RJ;
				INFOPLIST_FILE = testUITests/Info.plist;
				LD_RUNPATH_SEARCH_PATHS = (
					"$(inherited)",
					"@executable_path/Frameworks",
					"@loader_path/Frameworks",
				);
				PRODUCT_BUNDLE_IDENTIFIER = josh.testUITests;
				PRODUCT_NAME = "$(TARGET_NAME)";
				SWIFT_VERSION = 4.2;
				TARGETED_DEVICE_FAMILY = "1,2";
				TEST_TARGET_NAME = test;
			};
			name = Release;
		};
/* End XCBuildConfiguration section */

/* Begin XCConfigurationList section */
		28288D8622025EE60059C8A7 /* Build configuration list for PBXProject "test" */ = {
			isa = XCConfigurationList;
			buildConfigurations = (
				28288DB122025EE70059C8A7 /* Debug */,
				28288DB222025EE70059C8A7 /* Release */,
			);
			defaultConfigurationIsVisible = 0;
			defaultConfigurationName = Release;
		};
		28288DB322025EE70059C8A7 /* Build configuration list for PBXNativeTarget "test" */ = {
			isa = XCConfigurationList;
			buildConfigurations = (
				28288DB422025EE70059C8A7 /* Debug */,
				28288DB522025EE70059C8A7 /* Release */,
			);
			defaultConfigurationIsVisible = 0;
			defaultConfigurationName = Release;
		};
		28288DB622025EE70059C8A7 /* Build configuration list for PBXNativeTarget "testTests" */ = {
			isa = XCConfigurationList;
			buildConfigurations = (
				28288DB722025EE70059C8A7 /* Debug */,
				28288DB822025EE70059C8A7 /* Release */,
			);
			defaultConfigurationIsVisible = 0;
			defaultConfigurationName = Release;
		};
		28288DB922025EE70059C8A7 /* Build configuration list for PBXNativeTarget "testUITests" */ = {
			isa = XCConfigurationList;
			buildConfigurations = (
				28288DBA22025EE70059C8A7 /* Debug */,
				28288DBB22025EE70059C8A7 /* Release */,
			);
			defaultConfigurationIsVisible = 0;
			defaultConfigurationName = Release;
		};
/* End XCConfigurationList section */
	};
	rootObject = 28288D8322025EE60059C8A7 /* Project object */;
}
